github.com/beorn7/perks v1.0.1 h1:VlbKKnNfV8bJzeqoa4cOKqO6bYr3WgKZxO8Z16+hsOM=
github.com/beorn7/perks v1.0.1/go.mod h1:G2ZrVWU2WbWT9wwq4/hrbKbnv/1ERSJQ0ibhJ6rlkpw=
github.com/blang/semver/v4 v4.0.0 h1:1PFHFE6yCCTv8C1TeyNNarDzntLi7wMI5i/pzqYIsAM=
github.com/blang/semver/v4 v4.0.0/go.mod h1:IbckMUScFkM3pff0VJDNKRiT6TG/YpiHIM2yvyW5YoQ=
github.com/cert-manager/cert-manager v1.11.5 h1:K2LurvwIE4hIhODQZnkOW6ljYe3lVMAliS/to+gI05o=
github.com/cert-manager/cert-manager v1.11.5/go.mod h1:zNOyoTEwdn9Rtj5Or2pjBY1Bqwtw4vBElP2fKSP8/g8=
github.com/cespare/xxhash/v2 v2.2.0 h1:DC2CZ1Ep5Y4k3ZQ899DldepgrayRUGE6BBZ/cd9Cj44=
github.com/cespare/xxhash/v2 v2.2.0/go.mod h1:VGX0DQ3Q6kWi7AoAeZDth3/j3BFtOZR5XLFGgcrjCOs=
github.com/davecgh/go-spew v1.1.0/go.mod h1:J7Y8YcW2NihsgmVo/mv3lAwl/skON4iLHjSsI+c5H38=
github.com/davecgh/go-spew v1.1.1/go.mod h1:J7Y8YcW2NihsgmVo/mv3lAwl/skON4iLHjSsI+c5H38=
github.com/davecgh/go-spew v1.1.2-0.20180830191138-d8f796af33cc h1:U9qPSI2PIWSS1VwoXQT9A3Wy9MM3WgvqSxFWenqJduM=
github.com/davecgh/go-spew v1.1.2-0.20180830191138-d8f796af33cc/go.mod h1:J7Y8YcW2NihsgmVo/mv3lAwl/skON4iLHjSsI+c5H38=
github.com/emicklei/go-restful/v3 v3.11.2 h1:1onLa9DcsMYO9P+CXaL0dStDqQ2EHHXLiz+BtnqkLAU=
github.com/emicklei/go-restful/v3 v3.11.2/go.mod h1:6n3XBCmQQb25CM2LCACGz8ukIrRry+4bhvbpWn3mrbc=
github.com/evanphx/json-patch v5.6.0+incompatible h1:jBYDEEiFBPxA0v50tFdvOzQQTCvpL6mnFh5mB2/l16U=
github.com/evanphx/json-patch/v5 v5.9.0 h1:kcBlZQbplgElYIlo/n1hJbls2z/1awpXxpRi0/FOJfg=
github.com/evanphx/json-patch/v5 v5.9.0/go.mod h1:VNkHZ/282BpEyt/tObQO8s5CMPmYYq14uClGH4abBuQ=
github.com/fsnotify/fsnotify v1.7.0 h1:8JEhPFa5W2WU7YfeZzPNqzMP6Lwt7L2715Ggo0nosvA=
github.com/fsnotify/fsnotify v1.7.0/go.mod h1:40Bi/Hjc2AVfZrqy+aj+yEI+/bRxZnMJyTJwOpGvigM=
github.com/ghodss/yaml v1.0.0 h1:wQHKEahhL6wmXdzwWG11gIVCkOv05bNOh+Rxn0yngAk=
github.com/ghodss/yaml v1.0.0/go.mod h1:4dBDuWmgqj2HViK6kFavaiC9ZROes6MMH2rRYeMEF04=
github.com/go-logr/logr v1.4.1 h1:pKouT5E8xu9zeFC39JXRDukb6JFQPXM5p5I91188VAQ=
github.com/go-logr/logr v1.4.1/go.mod h1:9T104GzyrTigFIr8wt5mBrctHMim0Nb2HLGrmQ40KvY=
github.com/go-logr/zapr v1.3.0 h1:XGdV8XW8zdwFiwOA2Dryh1gj2KRQyOOoNmBy4EplIcQ=
github.com/go-logr/zapr v1.3.0/go.mod h1:YKepepNBd1u/oyhd/yQmtjVXmm9uML4IXUgMOwR8/Gg=
github.com/go-openapi/jsonpointer v0.20.2 h1:mQc3nmndL8ZBzStEo3JYF8wzmeWffDH4VbXz58sAx6Q=
github.com/go-openapi/jsonpointer v0.20.2/go.mod h1:bHen+N0u1KEO3YlmqOjTT9Adn1RfD91Ar825/PuiRVs=
github.com/go-openapi/jsonreference v0.20.4 h1:bKlDxQxQJgwpUSgOENiMPzCTBVuc7vTdXSSgNeAhojU=
github.com/go-openapi/jsonreference v0.20.4/go.mod h1:5pZJyJP2MnYCpoeoMAql78cCHauHj0V9Lhc506VOpw4=
github.com/go-openapi/swag v0.22.9 h1:XX2DssF+mQKM2DHsbgZK74y/zj4mo9I99+89xUmuZCE=
github.com/go-openapi/swag v0.22.9/go.mod h1:3/OXnFfnMAwBD099SwYRk7GD3xOrr1iL7d/XNLXVVwE=
github.com/go-task/slim-sprig v0.0.0-20230315185526-52ccab3ef572 h1:tfuBGBXKqDEevZMzYi5KSi8KkcZtzBcTgAUUtapy0OI=
github.com/go-task/slim-sprig v0.0.0-20230315185526-52ccab3ef572/go.mod h1:9Pwr4B2jHnOSGXyyzV8ROjYa2ojvAY6HCGYYfMoC3Ls=
github.com/gogo/protobuf v1.3.2 h1:Ov1cvc58UF3b5XjBnZv7+opcTcQFZebYjWzi34vdm4Q=
github.com/gogo/protobuf v1.3.2/go.mod h1:P1XiOD3dCwIKUDQYPy72D8LYyHL2YPYrpS2s69NZV8Q=
github.com/golang/groupcache v0.0.0-20210331224755-41bb18bfe9da h1:oI5xCqsCo564l8iNU+DwB5epxmsaqB+rhGL0m5jtYqE=
github.com/golang/groupcache v0.0.0-20210331224755-41bb18bfe9da/go.mod h1:cIg4eruTrX1D+g88fzRXU5OdNfaM+9IcxsU14FzY7Hc=
github.com/golang/protobuf v1.5.0/go.mod h1:FsONVRAS9T7sI+LIUmWTfcYkHO4aIWwzhcaSAoJOfIk=
github.com/golang/protobuf v1.5.2/go.mod h1:XVQd3VNwM+JqD3oG2Ue2ip4fOMUkwXdXDdiuN0vRsmY=
github.com/golang/protobuf v1.5.3 h1:KhyjKVUg7Usr/dYsdSqoFveMYd5ko72D+zANwlG1mmg=
github.com/golang/protobuf v1.5.3/go.mod h1:XVQd3VNwM+JqD3oG2Ue2ip4fOMUkwXdXDdiuN0vRsmY=
github.com/google/gnostic-models v0.6.9-0.20230804172637-c7be7c783f49 h1:0VpGH+cDhbDtdcweoyCVsF3fhN8kejK6rFe/2FFX2nU=
github.com/google/gnostic-models v0.6.9-0.20230804172637-c7be7c783f49/go.mod h1:BkkQ4L1KS1xMt2aWSPStnn55ChGC0DPOn2FQYj+f25M=
github.com/google/go-cmp v0.5.5/go.mod h1:v8dTdLbMG2kIc/vJvl+f65V22dbkXbowE6jgT/gNBxE=
github.com/google/go-cmp v0.5.9/go.mod h1:17dUlkBOakJ0+DkrSSNjCkIjxS6bF9zb3elmeNGIjoY=
github.com/google/go-cmp v0.6.0 h1:ofyhxvXcZhMsU5ulbFiLKl/XBFqE1GSq7atu8tAmTRI=
github.com/google/go-cmp v0.6.0/go.mod h1:17dUlkBOakJ0+DkrSSNjCkIjxS6bF9zb3elmeNGIjoY=
github.com/google/gofuzz v1.0.0/go.mod h1:dBl0BpW6vV/+mYPU4Po3pmUjxk6FQPldtuIdl/M65Eg=
github.com/google/gofuzz v1.2.0 h1:xRy4A+RhZaiKjJ1bPfwQ8sedCA+YS2YcCHW6ec7JMi0=
github.com/google/gofuzz v1.2.0/go.mod h1:dBl0BpW6vV/+mYPU4Po3pmUjxk6FQPldtuIdl/M65Eg=
github.com/google/pprof v0.0.0-20230510103437-eeec1cb781c3 h1:2XF1Vzq06X+inNqgJ9tRnGuw+ZVCB3FazXODD6JE1R8=
github.com/google/pprof v0.0.0-20230510103437-eeec1cb781c3/go.mod h1:79YE0hCXdHag9sBkw2o+N/YnZtTkXi0UT9Nnixa5eYk=
github.com/google/uuid v1.6.0 h1:NIvaJDMOsjHA8n1jAhLSgzrAzy1Hgr+hNrb57e+94F0=
github.com/google/uuid v1.6.0/go.mod h1:TIyPZe4MgqvfeYDBFedMoGGpEw/LqOeaOT+nhxU+yHo=
github.com/gophercloud/gophercloud v1.9.0 h1:zKvmHOmHuaZlnx9d2DJpEgbMxrGt/+CJ/bKOKQh9Xzo=
github.com/gophercloud/gophercloud v1.9.0/go.mod h1:aAVqcocTSXh2vYFZ1JTvx4EQmfgzxRcNupUfxZbBNDM=
github.com/imdario/mergo v0.3.16 h1:wwQJbIsHYGMUyLSPrEq1CT16AhnhNJQ51+4fdHUnCl4=
github.com/imdario/mergo v0.3.16/go.mod h1:WBLT9ZmE3lPoWsEzCh9LPo3TiwVN+ZKEjmz+hD27ysY=
github.com/josharian/intern v1.0.0 h1:vlS4z54oSdjm0bgjRigI+G1HpF+tI+9rE5LLzOg8HmY=
github.com/josharian/intern v1.0.0/go.mod h1:5DoeVV0s6jJacbCEi61lwdGj/aVlrQvzHFFd8Hwg//Y=
github.com/json-iterator/go v1.1.12 h1:PV8peI4a0ysnczrg+LtxykD8LfKY9ML6u2jnxaEnrnM=
github.com/json-iterator/go v1.1.12/go.mod h1:e30LSqwooZae/UwlEbR2852Gd8hjQvJoHmT4TnhNGBo=
github.com/k8snetworkplumbingwg/network-attachment-definition-client v1.4.0 h1:VzM3TYHDgqPkettiP6I6q2jOeQFL4nrJM+UcAc4f6Fs=
github.com/k8snetworkplumbingwg/network-attachment-definition-client v1.4.0/go.mod h1:nqCI7aelBJU61wiBeeZWJ6oi4bJy5nrjkM6lWIMA4j0=
github.com/kisielk/errcheck v1.5.0/go.mod h1:pFxgyoBC7bSaBwPgfKdkLd5X25qrDl4LWUI2bnpBCr8=
github.com/kisielk/gotool v1.0.0/go.mod h1:XhKaO+MFFWcvkIS/tQcRk01m1F5IRFswLeQ+oQHNcck=
github.com/kr/pretty v0.3.1 h1:flRD4NNwYAUpkphVc1HcthR4KEIFJ65n8Mw5qdRn3LE=
github.com/kr/text v0.2.0 h1:5Nx0Ya0ZqY2ygV366QzturHI13Jq95ApcVaJBhpS+AY=
github.com/mailru/easyjson v0.7.7 h1:UGYAvKxe3sBsEDzO8ZeWOSlIQfWFlxbzLZe7hwFURr0=
github.com/mailru/easyjson v0.7.7/go.mod h1:xzfreul335JAWq5oZzymOObrkdz5UnU4kGfJJLY9Nlc=
github.com/metal3-io/baremetal-operator/apis v0.5.0 h1:IRaKMxRCkYfFAjvZdDyGC6bIaGQsV6MMNmGV8gqyYCc=
github.com/metal3-io/baremetal-operator/apis v0.5.0/go.mod h1:rjpH/E7MB7JWt/LPi6hDd5LpaBIiqaBnm3KtFjKxnUM=
github.com/metal3-io/baremetal-operator/pkg/hardwareutils v0.4.0 h1:AnA8XLLp3RKYjjlB4KI0fyPSDN/d5gb3ZtM2cVyxwOc=
github.com/metal3-io/baremetal-operator/pkg/hardwareutils v0.4.0/go.mod h1:399nvdaqoU9rTI25UdFw2EWcVjmJPpeZPIhfDAIx/XU=
github.com/modern-go/concurrent v0.0.0-20180228061459-e0a39a4cb421/go.mod h1:6dJC0mAP4ikYIbvyc7fijjWJddQyLn8Ig3JB5CqoB9Q=
github.com/modern-go/concurrent v0.0.0-20180306012644-bacd9c7ef1dd h1:TRLaZ9cD/w8PVh93nsPXa1VrQ6jlwL5oN8l14QlcNfg=
github.com/modern-go/concurrent v0.0.0-20180306012644-bacd9c7ef1dd/go.mod h1:6dJC0mAP4ikYIbvyc7fijjWJddQyLn8Ig3JB5CqoB9Q=
github.com/modern-go/reflect2 v1.0.2 h1:xBagoLtFs94CBntxluKeaWgTMpvLxC4ur3nMaC9Gz0M=
github.com/modern-go/reflect2 v1.0.2/go.mod h1:yWuevngMOJpCy52FWWMvUC8ws7m/LJsjYzDa0/r8luk=
github.com/munnerz/goautoneg v0.0.0-20191010083416-a7dc8b61c822 h1:C3w9PqII01/Oq1c1nUAm88MOHcQC9l5mIlSMApZMrHA=
github.com/munnerz/goautoneg v0.0.0-20191010083416-a7dc8b61c822/go.mod h1:+n7T8mK8HuQTcFwEeznm/DIxMOiR9yIdICNftLE1DvQ=
github.com/onsi/ginkgo/v2 v2.15.0 h1:79HwNRBAZHOEwrczrgSOPy+eFTTlIGELKy5as+ClttY=
github.com/onsi/ginkgo/v2 v2.15.0/go.mod h1:HlxMHtYF57y6Dpf+mc5529KKmSq9h2FpCF+/ZkwUxKM=
github.com/onsi/gomega v1.31.1 h1:KYppCUK+bUgAZwHOu7EXVBKyQA6ILvOESHkn/tgoqvo=
github.com/onsi/gomega v1.31.1/go.mod h1:y40C95dwAD1Nz36SsEnxvfFe8FFfNxzI5eJ0EYGyAy0=
github.com/openshift/api v0.0.0-20230414143018-3367bc7e6ac7 h1:rncLxJBpFGqBztyxCMwNRnMjhhIDOWHJowi6q8G6koI=
github.com/openshift/api v0.0.0-20230414143018-3367bc7e6ac7/go.mod h1:ctXNyWanKEjGj8sss1KjjHQ3ENKFm33FFnS5BKaIPh4=
github.com/openstack-k8s-operators/barbican-operator/api v0.0.0-20240216141430-461e99fa1b3c h1:L5OPpRDJrE4zCW5oCbcchfOVhLReStgkWqIRPSYke30=
github.com/openstack-k8s-operators/barbican-operator/api v0.0.0-20240216141430-461e99fa1b3c/go.mod h1:EsJ1Cy04SPRytlI/Osm50XMMwUXGF0poGpvVz9C2bsA=
github.com/openstack-k8s-operators/cinder-operator/api v0.3.1-0.20240216172128-52771a306313 h1:yG2tE1kML4XwLOMtJq9PMBreNjUhJHKa8kbeVVbfEtA=
github.com/openstack-k8s-operators/cinder-operator/api v0.3.1-0.20240216172128-52771a306313/go.mod h1:fDfERbRUDV4WDoCwZtvjkG0r9EWgP1BwfC0iPmHQlr4=
github.com/openstack-k8s-operators/dataplane-operator/api v0.3.1-0.20240217035625-331533431892 h1:y3jV8Ium3cFb7lGUjIM5p8OB1F32ll3JSG8EIEC6mmo=
github.com/openstack-k8s-operators/dataplane-operator/api v0.3.1-0.20240217035625-331533431892/go.mod h1:t+qUYdiV134pcRsjyNYAS56IlwPe+CrrmmKnNPBw3FM=
github.com/openstack-k8s-operators/designate-operator/api v0.0.0-20240216102618-e7d16424a045 h1:G8tyIeN+fncxTVS2JnT1jWXLmw5MQBuvjGen6Lk3F7o=
github.com/openstack-k8s-operators/designate-operator/api v0.0.0-20240216102618-e7d16424a045/go.mod h1:p0ypl/tjWG491gexavUqip6EzfdRFy2eDXZGR/VxtjA=
github.com/openstack-k8s-operators/glance-operator/api v0.3.1-0.20240216191912-f09285faf21b h1:eK7YcwYZx4XjXyxsXRY4CY7+CMB+GOVyhDijliQthcM=
github.com/openstack-k8s-operators/glance-operator/api v0.3.1-0.20240216191912-f09285faf21b/go.mod h1:WGgu7/kWgZgrLoIg7W8P/1yyufkhn85I9ihYUSMNulM=
github.com/openstack-k8s-operators/heat-operator/api v0.3.1-0.20240216110209-c405c043e280 h1:8Cq6CBBm0fZSadekqTN5IQNFnWmG6ecducydlj4FAV4=
github.com/openstack-k8s-operators/heat-operator/api v0.3.1-0.20240216110209-c405c043e280/go.mod h1:rUeVLCM8HhkljdJpwbfdHa87FCOyw/GLQtnW+8CMl3g=
github.com/openstack-k8s-operators/horizon-operator/api v0.3.1-0.20240217031606-5f5dac9bb5b7 h1:Y8qgnwGJ03aeJ9jeUCGen6s5sAb7pKMQg/ZffNnrEnk=
github.com/openstack-k8s-operators/horizon-operator/api v0.3.1-0.20240217031606-5f5dac9bb5b7/go.mod h1:Ytc4YmARcMZbWJ2/saCIWtVEuMPxjzcftRmDzQWwCz0=
github.com/openstack-k8s-operators/infra-operator/apis v0.3.1-0.20240216172129-990c7cf02b25 h1:IR91sMpcUgp7iAKGKGvdHIputhYCdTQ4O9HXufxkr80=
github.com/openstack-k8s-operators/infra-operator/apis v0.3.1-0.20240216172129-990c7cf02b25/go.mod h1:oZ8/6cQ6NgMzQ+eU/2bccPHOPKZ6FPWEfrJizyBmTMk=
github.com/openstack-k8s-operators/ironic-operator/api v0.3.1-0.20240216150409-296d5c6420a5 h1:mWLBdPSYrX4w5DnvINlFj0/h4vdCTihMmLcnuy5Vlyg=
github.com/openstack-k8s-operators/ironic-operator/api v0.3.1-0.20240216150409-296d5c6420a5/go.mod h1:jAqNnaLEqhgSimEvgql28pvkQibRu4MeO5gFpfSzqYw=
github.com/openstack-k8s-operators/keystone-operator/api v0.3.1-0.20240216173228-eec429bcc776 h1:piRji0b//DM3h2KNXxphlIYTGeRw03QhfQ/+0JS5eVY=
github.com/openstack-k8s-operators/keystone-operator/api v0.3.1-0.20240216173228-eec429bcc776/go.mod h1:bfDpzoPV6K8Zrl4wFN0pubw5c3wvsNTl1ppvGmCdfKc=
github.com/openstack-k8s-operators/lib-common/modules/certmanager v0.0.0-20240216173409-86913e6d5885 h1:30h+8BjebHiR6dm23ulEZJ5QNHev0YoVBBJTuJJLt1U=
github.com/openstack-k8s-operators/lib-common/modules/certmanager v0.0.0-20240216173409-86913e6d5885/go.mod h1:v7EfD82TconjzYpNLAsRjYC2seEu/QFobEWA4zpEH9k=
github.com/openstack-k8s-operators/lib-common/modules/common v0.3.1-0.20240220172726-06e269f22402 h1:UNpz+VviGgrAGISBtB1u3sQfEUbzKcKfV7tCSN+c/Do=
github.com/openstack-k8s-operators/lib-common/modules/common v0.3.1-0.20240220172726-06e269f22402/go.mod h1:oB0Lc1U5wiJZBdT3lSMkZfG/LhHR6z/SJ0Tp7Y/GUkg=
github.com/openstack-k8s-operators/lib-common/modules/openstack v0.3.1-0.20240216173409-86913e6d5885 h1:g3wUugrt+GsQMtWdxQDzFXjY13U/FKLx1dVMMMJhQqA=
github.com/openstack-k8s-operators/lib-common/modules/openstack v0.3.1-0.20240216173409-86913e6d5885/go.mod h1:8QsCFttAm+X6A8I8EQThGjNjeMAYt2hK7ivbvnR3434=
github.com/openstack-k8s-operators/lib-common/modules/storage v0.3.1-0.20240216173409-86913e6d5885 h1:sMO+IYsZ91Nho0FV6y03J0NTGd8+ZWB4KmKJJU94gTU=
github.com/openstack-k8s-operators/lib-common/modules/storage v0.3.1-0.20240216173409-86913e6d5885/go.mod h1:sK82mkh2UzITsbNa/y6AKTZftHQnsYigqRx+rFbfZM4=
github.com/openstack-k8s-operators/lib-common/modules/test v0.3.1-0.20240216173409-86913e6d5885 h1:ioJ2MO3vAcBkLM+0UBu5IuKW/DPXcyiNSOLq0Xvn+Nw=
github.com/openstack-k8s-operators/lib-common/modules/test v0.3.1-0.20240216173409-86913e6d5885/go.mod h1:82nzS+DbBe1tzaMvNHH8FctmZzQ14ZAJysFGsMJiivo=
github.com/openstack-k8s-operators/manila-operator/api v0.3.1-0.20240216154248-d78aa8eb0e8a h1:4KUSrhOMGVI1+grzBzR6myJnosT0dGq+2LKVp03QJgc=
github.com/openstack-k8s-operators/manila-operator/api v0.3.1-0.20240216154248-d78aa8eb0e8a/go.mod h1:XV/teO705XYaiIBjgepLCv6fT8cb9jRvToti3pmjhY8=
github.com/openstack-k8s-operators/mariadb-operator/api v0.3.1-0.20240215091212-cbf2ad281f43 h1:azblrnuVV8sLWihuqS7lJMrwpo1dtB1K5vvkug0agw4=
github.com/openstack-k8s-operators/mariadb-operator/api v0.3.1-0.20240215091212-cbf2ad281f43/go.mod h1:52Ja/B4RrrytMmKh+Kf+/BPe7Fq40Pi77vcFH4yJeoU=
github.com/openstack-k8s-operators/neutron-operator/api v0.3.1-0.20240216172657-9188630d3435 h1:LZdyQOGamHA2IHortTI4p6e0k3E38cKacnsvaPgPnao=
github.com/openstack-k8s-operators/neutron-operator/api v0.3.1-0.20240216172657-9188630d3435/go.mod h1:Z4yjtZsjc1ElvM2rKoEK6Ylukq3dZ+uSgKcvYn98p4c=
github.com/openstack-k8s-operators/nova-operator/api v0.3.1-0.20240216133845-7e1445f8cae4 h1:07JkqUL1v4H5UHRiNcm7lr8VqwLn1XMjjQsSV1A+eJc=
github.com/openstack-k8s-operators/nova-operator/api v0.3.1-0.20240216133845-7e1445f8cae4/go.mod h1:RXgHXTbSVLdMPcuFfxfprdZWaCxaaHX039L3sBSbTKY=
github.com/openstack-k8s-operators/octavia-operator/api v0.3.1-0.20240215100511-492a87cdffa3 h1:+/iJFFiklIzWGei+yXk91UEq6vWJ95PKtk1hbfqXdAA=
github.com/openstack-k8s-operators/octavia-operator/api v0.3.1-0.20240215100511-492a87cdffa3/go.mod h1:unQg7adlnfnIqaGxAMWqGFQUoeUFB6AGqJ6x1RIaKqs=
github.com/openstack-k8s-operators/openstack-ansibleee-operator/api v0.3.1-0.20240216162346-b1dca894860d h1:M4lJOPG7lj83Z8M4ckIDcEtY2qHWGEZaMOxp9grK32o=
github.com/openstack-k8s-operators/openstack-ansibleee-operator/api v0.3.1-0.20240216162346-b1dca894860d/go.mod h1:QkQLZ/J9zBNk6ASWsWEonKPTcSiVJg7EEwrFxQQ6c/4=
github.com/openstack-k8s-operators/openstack-baremetal-operator/api v0.3.1-0.20240217021438-5918cf3aefdf h1:GgTfJXkSO4GsT9dl62ldj0D+sS8V27++7VdtPBWWlf4=
github.com/openstack-k8s-operators/openstack-baremetal-operator/api v0.3.1-0.20240217021438-5918cf3aefdf/go.mod h1:BrNj++cLEqEJIw2p7SGGrFiuNXjiCDo7FKH0oB+qcMA=
github.com/openstack-k8s-operators/ovn-operator/api v0.3.1-0.20240216200042-7835df58ed0c h1:cwJ5rW8umVVYi9PXOIW2G2w7FO9G0yXwKQlcRt+hqwA=
github.com/openstack-k8s-operators/ovn-operator/api v0.3.1-0.20240216200042-7835df58ed0c/go.mod h1:h0tc1Gz7eXL9A9VgY4yUjtufGrIg/L/7Ckinat3nca8=
github.com/openstack-k8s-operators/placement-operator/api v0.3.1-0.20240216174613-3d349f26e681 h1:tfiObiBZEQvYy9fP9Gv0Rzr0mYganMnFt34TyABXk+E=
github.com/openstack-k8s-operators/placement-operator/api v0.3.1-0.20240216174613-3d349f26e681/go.mod h1:hqzRPvT7eviqXkO53Xu9+ir9A4sC5ibrKxFCMqdRJsM=
github.com/openstack-k8s-operators/swift-operator/api v0.3.1-0.20240216164023-80bb42077844 h1:12ZECCJFWQtfgxgokYaDZ0J9USUvOteipG/B23G0zCE=
github.com/openstack-k8s-operators/swift-operator/api v0.3.1-0.20240216164023-80bb42077844/go.mod h1:mU+y8AMhsvAuBQCSTRCvZOovQa9qImF7LqEK/vDj0e8=
github.com/openstack-k8s-operators/telemetry-operator/api v0.3.1-0.20240216195458-a0493d51b492 h1:mjW7kw3v5ET3GWBWTNYGqx75VKWXfA4nPn5TAOlVxyk=
github.com/openstack-k8s-operators/telemetry-operator/api v0.3.1-0.20240216195458-a0493d51b492/go.mod h1:m4TeOCVaU6S9jPTo8w6u7bxNBuAb4OyAiDU59HSHdSc=
github.com/operator-framework/api v0.20.0 h1:A2YCRhr+6s0k3pRJacnwjh1Ue8BqjIGuQ2jvPg9XCB4=
github.com/operator-framework/api v0.20.0/go.mod h1:rXPOhrQ6mMeXqCmpDgt1ALoar9ZlHL+Iy5qut9R99a4=
github.com/pkg/errors v0.9.1 h1:FEBLx1zS214owpjy7qsBeixbURkuhQAwrK5UwLGTwt4=
github.com/pkg/errors v0.9.1/go.mod h1:bwawxfHBFNV+L2hUp1rHADufV3IMtnDRdf1r5NINEl0=
github.com/pmezard/go-difflib v1.0.0/go.mod h1:iKH77koFhYxTK1pcRnkKkqfTogsbg7gZNVY4sRDYZ/4=
github.com/pmezard/go-difflib v1.0.1-0.20181226105442-5d4384ee4fb2 h1:Jamvg5psRIccs7FGNTlIRMkT8wgtp5eCXdBlqhYGL6U=
github.com/prometheus/client_golang v1.18.0 h1:HzFfmkOzH5Q8L8G+kSJKUx5dtG87sewO+FoDDqP5Tbk=
github.com/prometheus/client_golang v1.18.0/go.mod h1:T+GXkCk5wSJyOqMIzVgvvjFDlkOQntgjkJWKrN5txjA=
github.com/prometheus/client_model v0.5.0 h1:VQw1hfvPvk3Uv6Qf29VrPF32JB6rtbgI6cYPYQjL0Qw=
github.com/prometheus/client_model v0.5.0/go.mod h1:dTiFglRmd66nLR9Pv9f0mZi7B7fk5Pm3gvsjB5tr+kI=
github.com/prometheus/common v0.46.0 h1:doXzt5ybi1HBKpsZOL0sSkaNHJJqkyfEWZGGqqScV0Y=
github.com/prometheus/common v0.46.0/go.mod h1:Tp0qkxpb9Jsg54QMe+EAmqXkSV7Evdy1BTn+g2pa/hQ=
github.com/prometheus/procfs v0.12.0 h1:jluTpSng7V9hY0O2R9DzzJHYb2xULk9VTR1V1R/k6Bo=
github.com/prometheus/procfs v0.12.0/go.mod h1:pcuDEFsWDnvcgNzo4EEweacyhjeA9Zk3cnaOZAZEfOo=
github.com/rabbitmq/cluster-operator/v2 v2.5.0 h1:eaGRv735A06onSnGhbjr1qeASrOAIe4YT8lypWno+I8=
github.com/rabbitmq/cluster-operator/v2 v2.5.0/go.mod h1:XD5mUEfmpMQwLhAku0gEzHHM5/Uf3/Vk1cpwECI1FYY=
github.com/rhobs/obo-prometheus-operator/pkg/apis/monitoring v0.64.1-rhobs3 h1:vy4ElN2RHyrIzzPn5b8vKuQLg4ZofuUAz65eLqLqloA=
github.com/rhobs/obo-prometheus-operator/pkg/apis/monitoring v0.64.1-rhobs3/go.mod h1:p+YsgXodntOtgwXKTpWrJzVS7QmMfZlGDG0v6Noze7s=
github.com/rhobs/observability-operator v0.0.20 h1:u4Ejzq/Yt3rY4b/apKhpgYIvmp+MpcV9hhEzhzedpk4=
github.com/rhobs/observability-operator v0.0.20/go.mod h1:F+exF/48C17xz9Ci9WK9Ri53Z9EZdad0otSOpeFxCXE=
github.com/rogpeppe/go-internal v1.11.0 h1:cWPaGQEPrBb5/AsnsZesgZZ9yb1OQ+GOISoDNXVBh4M=
github.com/sirupsen/logrus v1.9.2 h1:oxx1eChJGI6Uks2ZC4W1zpLlVgqB8ner4EuQwV4Ik1Y=
github.com/sirupsen/logrus v1.9.2/go.mod h1:naHLuLoDiP4jHNo9R0sCBMtWGeIprob74mVsIT4qYEQ=
github.com/spf13/pflag v1.0.5 h1:iy+VFUOCP1a+8yFto/drg2CJ5u0yRoB7fZw3DKv/JXA=
github.com/spf13/pflag v1.0.5/go.mod h1:McXfInJRrz4CZXVZOBLb0bTZqETkiAhM9Iw0y3An2Bg=
github.com/stretchr/objx v0.1.0/go.mod h1:HFkY916IF+rwdDfMAkV7OtwuqBVzrE8GR6GFx+wExME=
github.com/stretchr/testify v1.3.0/go.mod h1:M5WIy9Dh21IEIfnGCwXGc5bZfKNJtfHm1UVUgZn+9EI=
github.com/stretchr/testify v1.6.1/go.mod h1:6Fq8oRcR53rry900zMqJjRRixrwX3KX962/h/Wwjteg=
github.com/stretchr/testify v1.7.0/go.mod h1:6Fq8oRcR53rry900zMqJjRRixrwX3KX962/h/Wwjteg=
github.com/stretchr/testify v1.8.4 h1:CcVxjf3Q8PM0mHUKJCdn+eZZtm5yQwehR5yeSVQQcUk=
github.com/yuin/goldmark v1.1.27/go.mod h1:3hX8gzYuyVAZsxl0MRgGTJEmQBFcNTphYh9decYSb74=
github.com/yuin/goldmark v1.2.1/go.mod h1:3hX8gzYuyVAZsxl0MRgGTJEmQBFcNTphYh9decYSb74=
github.com/yuin/goldmark v1.4.13/go.mod h1:6yULJ656Px+3vBD8DxQVa3kxgyrAnzto9xy5taEt/CY=
go.uber.org/goleak v1.2.1 h1:NBol2c7O1ZokfZ0LEU9K6Whx/KnwvepVetCUhtKja4A=
go.uber.org/multierr v1.11.0 h1:blXXJkSxSSfBVBlC76pxqeO+LN3aDfLQo+309xJstO0=
go.uber.org/multierr v1.11.0/go.mod h1:20+QtiLqy0Nd6FdQB9TLXag12DsQkrbs3htMFfDN80Y=
go.uber.org/zap v1.26.0 h1:sI7k6L95XOKS281NhVKOFCUNIvv9e0w4BF8N3u+tCRo=
go.uber.org/zap v1.26.0/go.mod h1:dtElttAiwGvoJ/vj4IwHBS/gXsEu/pZ50mUIRWuG0so=
golang.org/x/crypto v0.0.0-20190308221718-c2843e01d9a2/go.mod h1:djNgcEr1/C05ACkg1iLfiJU5Ep61QUkGW8qpdssI0+w=
golang.org/x/crypto v0.0.0-20191011191535-87dc89f01550/go.mod h1:yigFU9vqHzYiE8UmvKecakEJjdnWj3jj499lnFckfCI=
golang.org/x/crypto v0.0.0-20200622213623-75b288015ac9/go.mod h1:LzIPMQfyMNhhGPhUkYOs5KpL4U8rLKemX1yGLhDgUto=
golang.org/x/crypto v0.0.0-20210921155107-089bfa567519/go.mod h1:GvvjBRRGRdwPK5ydBHafDWAxML/pGHZbMvKqRZ5+Abc=
golang.org/x/crypto v0.0.0-20220829220503-c86fa9a7ed90/go.mod h1:IxCIyHEi3zRg3s0A5j5BB6A9Jmi73HwBIUl50j+osU4=
golang.org/x/exp v0.0.0-20240213143201-ec583247a57a h1:HinSgX1tJRX3KsL//Gxynpw5CTOAIPhgL4W8PNiIpVE=
golang.org/x/exp v0.0.0-20240213143201-ec583247a57a/go.mod h1:CxmFvTBINI24O/j8iY7H1xHzx2i4OsyguNBmN/uPtqc=
golang.org/x/mod v0.2.0/go.mod h1:s0Qsj1ACt9ePp/hMypM3fl4fZqREWJwdYDEqhRiZZUA=
golang.org/x/mod v0.3.0/go.mod h1:s0Qsj1ACt9ePp/hMypM3fl4fZqREWJwdYDEqhRiZZUA=
golang.org/x/mod v0.6.0-dev.0.20220419223038-86c51ed26bb4/go.mod h1:jJ57K6gSWd91VN4djpZkiMVwK6gcyfeH4XE8wZrZaV4=
golang.org/x/mod v0.15.0 h1:SernR4v+D55NyBH2QiEQrlBAnj1ECL6AGrA5+dPaMY8=
golang.org/x/mod v0.15.0/go.mod h1:hTbmBsO62+eylJbnUtE2MGJUyE7QWk4xUqPFrRgJ+7c=
golang.org/x/net v0.0.0-20190404232315-eb5bcb51f2a3/go.mod h1:t9HGtf8HONx5eT2rtn7q6eTqICYqUVnKs3thJo3Qplg=
golang.org/x/net v0.0.0-20190620200207-3b0461eec859/go.mod h1:z5CRVTTTmAJ677TzLLGU+0bjPO0LkuOLi4/5GtJWs/s=
golang.org/x/net v0.0.0-20200226121028-0de0cce0169b/go.mod h1:z5CRVTTTmAJ677TzLLGU+0bjPO0LkuOLi4/5GtJWs/s=
golang.org/x/net v0.0.0-20201021035429-f5854403a974/go.mod h1:sp8m0HH+o8qH0wwXwYZr8TS3Oi6o0r6Gce1SSxlDquU=
golang.org/x/net v0.0.0-20210226172049-e18ecbb05110/go.mod h1:m0MpNAwzfU5UDzcl9v0D8zg8gWTRqZa9RBIspLL5mdg=
golang.org/x/net v0.0.0-20211112202133-69e39bad7dc2/go.mod h1:9nx3DQGgdP8bBQD5qxJ1jj9UTztislL4KSBs9R2vV5Y=
golang.org/x/net v0.0.0-20220722155237-a158d28d115b/go.mod h1:XRhObCWvk6IyKnWLug+ECip1KBveYUHfp+8e9klMJ9c=
golang.org/x/net v0.21.0 h1:AQyQV4dYCvJ7vGmJyKki9+PBdyvhkSd8EIx/qb0AYv4=
golang.org/x/net v0.21.0/go.mod h1:bIjVDfnllIU7BJ2DNgfnXvpSvtn8VRwhlsaeUTyUS44=
golang.org/x/oauth2 v0.17.0 h1:6m3ZPmLEFdVxKKWnKq4VqZ60gutO35zm+zrAHVmHyDQ=
golang.org/x/oauth2 v0.17.0/go.mod h1:OzPDGQiuQMguemayvdylqddI7qcD9lnSDb+1FiwQ5HA=
golang.org/x/sync v0.0.0-20190423024810-112230192c58/go.mod h1:RxMgew5VJxzue5/jJTE5uejpjVlOe/izrB70Jof72aM=
golang.org/x/sync v0.0.0-20190911185100-cd5d95a43a6e/go.mod h1:RxMgew5VJxzue5/jJTE5uejpjVlOe/izrB70Jof72aM=
golang.org/x/sync v0.0.0-20201020160332-67f06af15bc9/go.mod h1:RxMgew5VJxzue5/jJTE5uejpjVlOe/izrB70Jof72aM=
golang.org/x/sync v0.0.0-20220722155255-886fb9371eb4/go.mod h1:RxMgew5VJxzue5/jJTE5uejpjVlOe/izrB70Jof72aM=
golang.org/x/sys v0.0.0-20190215142949-d0b11bdaac8a/go.mod h1:STP8DvDyc/dI5b8T5hshtkjS+E42TnysNCUPdjciGhY=
golang.org/x/sys v0.0.0-20190412213103-97732733099d/go.mod h1:h1NjWce9XRLGQEsW7wpKNCjG9DtNlClVuFLEZdDNbEs=
golang.org/x/sys v0.0.0-20200930185726-fdedc70b468f/go.mod h1:h1NjWce9XRLGQEsW7wpKNCjG9DtNlClVuFLEZdDNbEs=
golang.org/x/sys v0.0.0-20201119102817-f84b799fce68/go.mod h1:h1NjWce9XRLGQEsW7wpKNCjG9DtNlClVuFLEZdDNbEs=
golang.org/x/sys v0.0.0-20210423082822-04245dca01da/go.mod h1:h1NjWce9XRLGQEsW7wpKNCjG9DtNlClVuFLEZdDNbEs=
golang.org/x/sys v0.0.0-20210615035016-665e8c7367d1/go.mod h1:oPkhp1MJrh7nUepCBck5+mAzfO9JrbApNNgaTdGDITg=
golang.org/x/sys v0.0.0-20220520151302-bc2c85ada10a/go.mod h1:oPkhp1MJrh7nUepCBck5+mAzfO9JrbApNNgaTdGDITg=
golang.org/x/sys v0.0.0-20220715151400-c0bba94af5f8/go.mod h1:oPkhp1MJrh7nUepCBck5+mAzfO9JrbApNNgaTdGDITg=
golang.org/x/sys v0.0.0-20220722155257-8c9f86f7a55f/go.mod h1:oPkhp1MJrh7nUepCBck5+mAzfO9JrbApNNgaTdGDITg=
golang.org/x/sys v0.17.0 h1:25cE3gD+tdBA7lp7QfhuV+rJiE9YXTcS3VG1SqssI/Y=
golang.org/x/sys v0.17.0/go.mod h1:/VUhepiaJMQUp4+oa/7Zr1D23ma6VTLIYjOOTFZPUcA=
golang.org/x/term v0.0.0-20201126162022-7de9c90e9dd1/go.mod h1:bj7SfCRtBDWHUb9snDiAeCFNEtKQo2Wmx5Cou7ajbmo=
golang.org/x/term v0.0.0-20210927222741-03fcf44c2211/go.mod h1:jbD1KX2456YbFQfuXm/mYQcufACuNUgVhRMnK/tPxf8=
golang.org/x/term v0.17.0 h1:mkTF7LCd6WGJNL3K1Ad7kwxNfYAW6a8a8QqtMblp/4U=
golang.org/x/term v0.17.0/go.mod h1:lLRBjIVuehSbZlaOtGMbcMncT+aqLLLmKrsjNrUguwk=
golang.org/x/text v0.3.0/go.mod h1:NqM8EUOU14njkJ3fqMW+pc6Ldnwhi/IjpwHt7yyuwOQ=
golang.org/x/text v0.3.3/go.mod h1:5Zoc/QRtKVWzQhOtBMvqHzDpF6irO9z98xDceosuGiQ=
golang.org/x/text v0.3.6/go.mod h1:5Zoc/QRtKVWzQhOtBMvqHzDpF6irO9z98xDceosuGiQ=
golang.org/x/text v0.3.7/go.mod h1:u+2+/6zg+i71rQMx5EYifcz6MCKuco9NR6JIITiCfzQ=
golang.org/x/text v0.3.8/go.mod h1:E6s5w1FMmriuDzIBO73fBruAKo1PCIq6d2Q6DHfQ8WQ=
golang.org/x/text v0.14.0 h1:ScX5w1eTa3QqT8oi6+ziP7dTV1S2+ALU0bI+0zXKWiQ=
golang.org/x/text v0.14.0/go.mod h1:18ZOQIKpY8NJVqYksKHtTdi31H5itFRjB5/qKTNYzSU=
golang.org/x/time v0.5.0 h1:o7cqy6amK/52YcAKIPlM3a+Fpj35zvRj2TP+e1xFSfk=
golang.org/x/time v0.5.0/go.mod h1:3BpzKBy/shNhVucY/MWOyx10tF3SFh9QdLuxbVysPQM=
golang.org/x/tools v0.0.0-20180917221912-90fa682c2a6e/go.mod h1:n7NCudcB/nEzxVGmLbDWY5pfWTLqBcC2KZ6jyYvM4mQ=
golang.org/x/tools v0.0.0-20191119224855-298f0cb1881e/go.mod h1:b+2E5dAYhXwXZwtnZ6UAqBI28+e2cm9otk0dWdXHAEo=
golang.org/x/tools v0.0.0-20200619180055-7c47624df98f/go.mod h1:EkVYQZoAsY45+roYkvgYkIh4xh/qjgUK9TdY2XT94GE=
golang.org/x/tools v0.0.0-20210106214847-113979e3529a/go.mod h1:emZCQorbCU4vsT4fOWvOPXz4eW1wZW4PmDk9uLelYpA=
golang.org/x/tools v0.1.12/go.mod h1:hNGJHUnrk76NpqgfD5Aqm5Crs+Hm0VOH/i9J2+nxYbc=
golang.org/x/tools v0.18.0 h1:k8NLag8AGHnn+PHbl7g43CtqZAwG60vZkLqgyZgIHgQ=
golang.org/x/tools v0.18.0/go.mod h1:GL7B4CwcLLeo59yx/9UWWuNOW1n3VZ4f5axWfML7Lcg=
golang.org/x/xerrors v0.0.0-20190717185122-a985d3407aa7/go.mod h1:I/5z698sn9Ka8TeJc9MKroUUfqBBauWjQqLJ2OPfmY0=
golang.org/x/xerrors v0.0.0-20191011141410-1b5146add898/go.mod h1:I/5z698sn9Ka8TeJc9MKroUUfqBBauWjQqLJ2OPfmY0=
golang.org/x/xerrors v0.0.0-20191204190536-9bdfabe68543/go.mod h1:I/5z698sn9Ka8TeJc9MKroUUfqBBauWjQqLJ2OPfmY0=
golang.org/x/xerrors v0.0.0-20200804184101-5ec99f83aff1/go.mod h1:I/5z698sn9Ka8TeJc9MKroUUfqBBauWjQqLJ2OPfmY0=
gomodules.xyz/jsonpatch/v2 v2.4.0 h1:Ci3iUJyx9UeRx7CeFN8ARgGbkESwJK+KB9lLcWxY/Zw=
gomodules.xyz/jsonpatch/v2 v2.4.0/go.mod h1:AH3dM2RI6uoBZxn3LVrfvJ3E0/9dG4cSrbuBJT4moAY=
google.golang.org/appengine v1.6.8 h1:IhEN5q69dyKagZPYMSdIjS2HqprW324FRQZJcGqPAsM=
google.golang.org/appengine v1.6.8/go.mod h1:1jJ3jBArFh5pcgW8gCtRJnepW8FzD1V44FJffLiz/Ds=
google.golang.org/protobuf v1.26.0-rc.1/go.mod h1:jlhhOSvTdKEhbULTjvd4ARK9grFBp09yW+WbY/TyQbw=
google.golang.org/protobuf v1.26.0/go.mod h1:9q0QmTI4eRPtz6boOQmLYwt+qCgq0jsYwAQnmE0givc=
google.golang.org/protobuf v1.32.0 h1:pPC6BG5ex8PDFnkbrGU3EixyhKcQ2aDuBS36lqK/C7I=
google.golang.org/protobuf v1.32.0/go.mod h1:c6P6GXX6sHbq/GpV6MGZEdwhWPcYBgnhAHhKbcUYpos=
gopkg.in/check.v1 v0.0.0-20161208181325-20d25e280405/go.mod h1:Co6ibVJAznAaIkqp8huTwlJQCZ016jof/cbN4VW5Yz0=
gopkg.in/check.v1 v1.0.0-20201130134442-10cb98267c6c h1:Hei/4ADfdWqJk1ZMxUNpqntNwaWcugrBjAiHlqqRiVk=
gopkg.in/inf.v0 v0.9.1 h1:73M5CoZyi3ZLMOyDlQh031Cx6N9NDJ2Vvfl76EDAgDc=
gopkg.in/inf.v0 v0.9.1/go.mod h1:cWUDdTG/fYaXco+Dcufb5Vnc6Gp2YChqWtbxRZE0mXw=
gopkg.in/yaml.v2 v2.2.8/go.mod h1:hI93XBmqTisBFMUTm0b8Fm+jr3Dg1NNxqwp+5A1VGuI=
gopkg.in/yaml.v2 v2.4.0 h1:D8xgwECY7CYvx+Y2n4sBz93Jn9JRvxdiyyo8CTfuKaY=
gopkg.in/yaml.v2 v2.4.0/go.mod h1:RDklbk79AGWmwhnvt/jBztapEOGDOx6ZbXqjP6csGnQ=
gopkg.in/yaml.v3 v3.0.0-20200313102051-9f266ea9e77c/go.mod h1:K4uyk7z7BCEPqu6E+C64Yfv1cQ7kz7rIZviUmN+EgEM=
gopkg.in/yaml.v3 v3.0.1 h1:fxVm/GzAzEWqLHuvctI91KS9hhNmmWOoWu0XTYJS7CA=
gopkg.in/yaml.v3 v3.0.1/go.mod h1:K4uyk7z7BCEPqu6E+C64Yfv1cQ7kz7rIZviUmN+EgEM=
k8s.io/api v0.28.7 h1:YKIhBxjXKaxuxWJnwohV0aGjRA5l4IU0Eywf/q19AVI=
k8s.io/api v0.28.7/go.mod h1:y4RbcjCCMff1930SG/TcP3AUKNfaJUgIeUp58e/2vyY=
k8s.io/apiextensions-apiserver v0.28.7 h1:NQlzP/vmvIO9Qt7wQTdMe9sGWGkozQZMPk9suehAvR8=
k8s.io/apiextensions-apiserver v0.28.7/go.mod h1:ST+ZOppyy+Z0mIxezSOK8qwIXctNwdFLNpGkQp8bw4M=
k8s.io/apimachinery v0.28.7 h1:2Z38/XRAOcpb+PonxmBEmjG7hBfmmr41xnr0XvpTnB4=
k8s.io/apimachinery v0.28.7/go.mod h1:QFNX/kCl/EMT2WTSz8k4WLCv2XnkOLMaL8GAVRMdpsA=
k8s.io/client-go v0.28.7 h1:3L6402+tjmOl8twX3fjUQ/wsYAkw6UlVNDVP+rF6YGA=
k8s.io/client-go v0.28.7/go.mod h1:xIoEaDewZ+EwWOo1/F1t0IOKMPe1rwBZhLu9Es6y0tE=
k8s.io/component-base v0.28.7 h1:Cq5aQ52N0CTaOMiary4rXzR4RoTP77Z3ll4qSg4qH7s=
k8s.io/component-base v0.28.7/go.mod h1:RrtNBKrSuckksSQ3fV9PhwBSHO/ZbwJXM2Z0OPx+UJk=
k8s.io/klog/v2 v2.120.1 h1:QXU6cPEOIslTGvZaXvFWiP9VKyeet3sawzTOvdXb4Vw=
k8s.io/klog/v2 v2.120.1/go.mod h1:3Jpz1GvMt720eyJH1ckRHK1EDfpxISzJ7I9OYgaDtPE=
k8s.io/kube-openapi v0.0.0-20240209001042-7a0d5b415232 h1:MMq4iF9pHuAz/9dLnHwBQKEoeigXClzs3MFh/seyqtA=
k8s.io/kube-openapi v0.0.0-20240209001042-7a0d5b415232/go.mod h1:Pa1PvrP7ACSkuX6I7KYomY6cmMA0Tx86waBhDUgoKPw=
k8s.io/utils v0.0.0-20240102154912-e7106e64919e h1:eQ/4ljkx21sObifjzXwlPKpdGLrCfRziVtos3ofG/sQ=
k8s.io/utils v0.0.0-20240102154912-e7106e64919e/go.mod h1:OLgZIPagt7ERELqWJFomSt595RzquPNLL48iOWgYOg0=
sigs.k8s.io/controller-runtime v0.16.5 h1:yr1cEJbX08xsTW6XEIzT13KHHmIyX8Umvme2cULvFZw=
sigs.k8s.io/controller-runtime v0.16.5/go.mod h1:j7bialYoSn142nv9sCOJmQgDXQXxnroFU4VnX/brVJ0=
sigs.k8s.io/gateway-api v0.6.0 h1:v2FqrN2ROWZLrSnI2o91taHR8Sj3s+Eh3QU7gLNWIqA=
sigs.k8s.io/gateway-api v0.6.0/go.mod h1:EYJT+jlPWTeNskjV0JTki/03WX1cyAnBhwBJfYHpV/0=
sigs.k8s.io/json v0.0.0-20221116044647-bc3834ca7abd h1:EDPBXCAspyGV4jQlpZSudPeMmr1bNJefnuqLsRAsHZo=
sigs.k8s.io/json v0.0.0-20221116044647-bc3834ca7abd/go.mod h1:B8JuhiUyNFVKdsE8h686QcCxMaH6HrOAZj4vswFpcB0=
sigs.k8s.io/structured-merge-diff/v4 v4.4.1 h1:150L+0vs/8DA78h1u02ooW1/fFq/Lwr+sGiqlzvrtq4=
sigs.k8s.io/structured-merge-diff/v4 v4.4.1/go.mod h1:N8hJocpFajUSSeSJ9bOZ77VzejKZaXsTtZo4/u7Io08=
sigs.k8s.io/yaml v1.4.0 h1:Mk1wCc2gy/F0THH0TAp1QYyJNzRm2KCLy3o5ASXVI5E=
sigs.k8s.io/yaml v1.4.0/go.mod h1:Ejl7/uTz7PSA4eKMyQCUTnhZYNmLIl+5c2lQPGR2BPY=
