github.com/beorn7/perks v1.0.1 h1:VlbKKnNfV8bJzeqoa4cOKqO6bYr3WgKZxO8Z16+hsOM=
github.com/beorn7/perks v1.0.1/go.mod h1:G2ZrVWU2WbWT9wwq4/hrbKbnv/1ERSJQ0ibhJ6rlkpw=
github.com/blang/semver/v4 v4.0.0 h1:1PFHFE6yCCTv8C1TeyNNarDzntLi7wMI5i/pzqYIsAM=
github.com/blang/semver/v4 v4.0.0/go.mod h1:IbckMUScFkM3pff0VJDNKRiT6TG/YpiHIM2yvyW5YoQ=
github.com/cert-manager/cert-manager v1.13.5 h1:kSO9FnOQEuIox5FbtZnxWSSlYUV+7nBprL+U43YSnO0=
github.com/cert-manager/cert-manager v1.13.5/go.mod h1:4+c8TrwH3Q809Zxv6f8sgVbzdNcgOCl3sd55pr7r/EI=
github.com/cespare/xxhash/v2 v2.2.0 h1:DC2CZ1Ep5Y4k3ZQ899DldepgrayRUGE6BBZ/cd9Cj44=
github.com/cespare/xxhash/v2 v2.2.0/go.mod h1:VGX0DQ3Q6kWi7AoAeZDth3/j3BFtOZR5XLFGgcrjCOs=
github.com/davecgh/go-spew v1.1.0/go.mod h1:J7Y8YcW2NihsgmVo/mv3lAwl/skON4iLHjSsI+c5H38=
github.com/davecgh/go-spew v1.1.1/go.mod h1:J7Y8YcW2NihsgmVo/mv3lAwl/skON4iLHjSsI+c5H38=
github.com/davecgh/go-spew v1.1.2-0.20180830191138-d8f796af33cc h1:U9qPSI2PIWSS1VwoXQT9A3Wy9MM3WgvqSxFWenqJduM=
github.com/davecgh/go-spew v1.1.2-0.20180830191138-d8f796af33cc/go.mod h1:J7Y8YcW2NihsgmVo/mv3lAwl/skON4iLHjSsI+c5H38=
github.com/emicklei/go-restful/v3 v3.11.2 h1:1onLa9DcsMYO9P+CXaL0dStDqQ2EHHXLiz+BtnqkLAU=
github.com/emicklei/go-restful/v3 v3.11.2/go.mod h1:6n3XBCmQQb25CM2LCACGz8ukIrRry+4bhvbpWn3mrbc=
github.com/evanphx/json-patch v5.7.0+incompatible h1:vgGkfT/9f8zE6tvSCe74nfpAVDQ2tG6yudJd8LBksgI=
github.com/evanphx/json-patch/v5 v5.9.0 h1:kcBlZQbplgElYIlo/n1hJbls2z/1awpXxpRi0/FOJfg=
github.com/evanphx/json-patch/v5 v5.9.0/go.mod h1:VNkHZ/282BpEyt/tObQO8s5CMPmYYq14uClGH4abBuQ=
github.com/fsnotify/fsnotify v1.7.0 h1:8JEhPFa5W2WU7YfeZzPNqzMP6Lwt7L2715Ggo0nosvA=
github.com/fsnotify/fsnotify v1.7.0/go.mod h1:40Bi/Hjc2AVfZrqy+aj+yEI+/bRxZnMJyTJwOpGvigM=
github.com/gabriel-vasile/mimetype v1.4.3 h1:in2uUcidCuFcDKtdcBxlR0rJ1+fsokWf+uqxgUFjbI0=
github.com/gabriel-vasile/mimetype v1.4.3/go.mod h1:d8uq/6HKRL6CGdk+aubisF/M5GcPfT7nKyLpA0lbSSk=
github.com/ghodss/yaml v1.0.0 h1:wQHKEahhL6wmXdzwWG11gIVCkOv05bNOh+Rxn0yngAk=
github.com/ghodss/yaml v1.0.0/go.mod h1:4dBDuWmgqj2HViK6kFavaiC9ZROes6MMH2rRYeMEF04=
github.com/go-logr/logr v1.4.1 h1:pKouT5E8xu9zeFC39JXRDukb6JFQPXM5p5I91188VAQ=
github.com/go-logr/logr v1.4.1/go.mod h1:9T104GzyrTigFIr8wt5mBrctHMim0Nb2HLGrmQ40KvY=
github.com/go-logr/zapr v1.3.0 h1:XGdV8XW8zdwFiwOA2Dryh1gj2KRQyOOoNmBy4EplIcQ=
github.com/go-logr/zapr v1.3.0/go.mod h1:YKepepNBd1u/oyhd/yQmtjVXmm9uML4IXUgMOwR8/Gg=
github.com/go-openapi/jsonpointer v0.20.2 h1:mQc3nmndL8ZBzStEo3JYF8wzmeWffDH4VbXz58sAx6Q=
github.com/go-openapi/jsonpointer v0.20.2/go.mod h1:bHen+N0u1KEO3YlmqOjTT9Adn1RfD91Ar825/PuiRVs=
github.com/go-openapi/jsonreference v0.20.4 h1:bKlDxQxQJgwpUSgOENiMPzCTBVuc7vTdXSSgNeAhojU=
github.com/go-openapi/jsonreference v0.20.4/go.mod h1:5pZJyJP2MnYCpoeoMAql78cCHauHj0V9Lhc506VOpw4=
github.com/go-openapi/swag v0.22.9 h1:XX2DssF+mQKM2DHsbgZK74y/zj4mo9I99+89xUmuZCE=
github.com/go-openapi/swag v0.22.9/go.mod h1:3/OXnFfnMAwBD099SwYRk7GD3xOrr1iL7d/XNLXVVwE=
github.com/go-playground/assert/v2 v2.2.0 h1:JvknZsQTYeFEAhQwI4qEt9cyV5ONwRHC+lYKSsYSR8s=
github.com/go-playground/locales v0.14.1 h1:EWaQ/wswjilfKLTECiXz7Rh+3BjFhfDFKv/oXslEjJA=
github.com/go-playground/locales v0.14.1/go.mod h1:hxrqLVvrK65+Rwrd5Fc6F2O76J/NuW9t0sjnWqG1slY=
github.com/go-playground/universal-translator v0.18.1 h1:Bcnm0ZwsGyWbCzImXv+pAJnYK9S473LQFuzCbDbfSFY=
github.com/go-playground/universal-translator v0.18.1/go.mod h1:xekY+UJKNuX9WP91TpwSH2VMlDf28Uj24BCp08ZFTUY=
github.com/go-playground/validator/v10 v10.19.0 h1:ol+5Fu+cSq9JD7SoSqe04GMI92cbn0+wvQ3bZ8b/AU4=
github.com/go-playground/validator/v10 v10.19.0/go.mod h1:dbuPbCMFw/DrkbEynArYaCwl3amGuJotoKCe95atGMM=
github.com/go-task/slim-sprig v0.0.0-20230315185526-52ccab3ef572 h1:tfuBGBXKqDEevZMzYi5KSi8KkcZtzBcTgAUUtapy0OI=
github.com/go-task/slim-sprig v0.0.0-20230315185526-52ccab3ef572/go.mod h1:9Pwr4B2jHnOSGXyyzV8ROjYa2ojvAY6HCGYYfMoC3Ls=
github.com/gogo/protobuf v1.3.2 h1:Ov1cvc58UF3b5XjBnZv7+opcTcQFZebYjWzi34vdm4Q=
github.com/gogo/protobuf v1.3.2/go.mod h1:P1XiOD3dCwIKUDQYPy72D8LYyHL2YPYrpS2s69NZV8Q=
github.com/golang/groupcache v0.0.0-20210331224755-41bb18bfe9da h1:oI5xCqsCo564l8iNU+DwB5epxmsaqB+rhGL0m5jtYqE=
github.com/golang/groupcache v0.0.0-20210331224755-41bb18bfe9da/go.mod h1:cIg4eruTrX1D+g88fzRXU5OdNfaM+9IcxsU14FzY7Hc=
github.com/golang/protobuf v1.5.0/go.mod h1:FsONVRAS9T7sI+LIUmWTfcYkHO4aIWwzhcaSAoJOfIk=
github.com/golang/protobuf v1.5.2/go.mod h1:XVQd3VNwM+JqD3oG2Ue2ip4fOMUkwXdXDdiuN0vRsmY=
github.com/golang/protobuf v1.5.4 h1:i7eJL8qZTpSEXOPTxNKhASYpMn+8e5Q6AdndVa1dWek=
github.com/golang/protobuf v1.5.4/go.mod h1:lnTiLA8Wa4RWRcIUkrtSVa5nRhsEGBg48fD6rSs7xps=
github.com/google/gnostic-models v0.6.8 h1:yo/ABAfM5IMRsS1VnXjTBvUb61tFIHozhlYvRgGre9I=
github.com/google/gnostic-models v0.6.8/go.mod h1:5n7qKqH0f5wFt+aWF8CW6pZLLNOfYuF5OpfBSENuI8U=
github.com/google/go-cmp v0.5.5/go.mod h1:v8dTdLbMG2kIc/vJvl+f65V22dbkXbowE6jgT/gNBxE=
github.com/google/go-cmp v0.5.9/go.mod h1:17dUlkBOakJ0+DkrSSNjCkIjxS6bF9zb3elmeNGIjoY=
github.com/google/go-cmp v0.6.0 h1:ofyhxvXcZhMsU5ulbFiLKl/XBFqE1GSq7atu8tAmTRI=
github.com/google/go-cmp v0.6.0/go.mod h1:17dUlkBOakJ0+DkrSSNjCkIjxS6bF9zb3elmeNGIjoY=
github.com/google/gofuzz v1.0.0/go.mod h1:dBl0BpW6vV/+mYPU4Po3pmUjxk6FQPldtuIdl/M65Eg=
github.com/google/gofuzz v1.2.0 h1:xRy4A+RhZaiKjJ1bPfwQ8sedCA+YS2YcCHW6ec7JMi0=
github.com/google/gofuzz v1.2.0/go.mod h1:dBl0BpW6vV/+mYPU4Po3pmUjxk6FQPldtuIdl/M65Eg=
github.com/google/pprof v0.0.0-20230926050212-f7f687d19a98 h1:pUa4ghanp6q4IJHwE9RwLgmVFfReJN+KbQ8ExNEUUoQ=
github.com/google/pprof v0.0.0-20230926050212-f7f687d19a98/go.mod h1:czg5+yv1E0ZGTi6S6vVK1mke0fV+FaUhNGcd6VRS9Ik=
github.com/google/uuid v1.6.0 h1:NIvaJDMOsjHA8n1jAhLSgzrAzy1Hgr+hNrb57e+94F0=
github.com/google/uuid v1.6.0/go.mod h1:TIyPZe4MgqvfeYDBFedMoGGpEw/LqOeaOT+nhxU+yHo=
github.com/gophercloud/gophercloud v1.11.0 h1:ls0O747DIq1D8SUHc7r2vI8BFbMLeLFuENaAIfEx7OM=
github.com/gophercloud/gophercloud v1.11.0/go.mod h1:aAVqcocTSXh2vYFZ1JTvx4EQmfgzxRcNupUfxZbBNDM=
github.com/imdario/mergo v0.3.16 h1:wwQJbIsHYGMUyLSPrEq1CT16AhnhNJQ51+4fdHUnCl4=
github.com/imdario/mergo v0.3.16/go.mod h1:WBLT9ZmE3lPoWsEzCh9LPo3TiwVN+ZKEjmz+hD27ysY=
github.com/josharian/intern v1.0.0 h1:vlS4z54oSdjm0bgjRigI+G1HpF+tI+9rE5LLzOg8HmY=
github.com/josharian/intern v1.0.0/go.mod h1:5DoeVV0s6jJacbCEi61lwdGj/aVlrQvzHFFd8Hwg//Y=
github.com/json-iterator/go v1.1.12 h1:PV8peI4a0ysnczrg+LtxykD8LfKY9ML6u2jnxaEnrnM=
github.com/json-iterator/go v1.1.12/go.mod h1:e30LSqwooZae/UwlEbR2852Gd8hjQvJoHmT4TnhNGBo=
github.com/k8snetworkplumbingwg/network-attachment-definition-client v1.4.0 h1:VzM3TYHDgqPkettiP6I6q2jOeQFL4nrJM+UcAc4f6Fs=
github.com/k8snetworkplumbingwg/network-attachment-definition-client v1.4.0/go.mod h1:nqCI7aelBJU61wiBeeZWJ6oi4bJy5nrjkM6lWIMA4j0=
github.com/kisielk/errcheck v1.5.0/go.mod h1:pFxgyoBC7bSaBwPgfKdkLd5X25qrDl4LWUI2bnpBCr8=
github.com/kisielk/gotool v1.0.0/go.mod h1:XhKaO+MFFWcvkIS/tQcRk01m1F5IRFswLeQ+oQHNcck=
github.com/kr/pretty v0.3.1 h1:flRD4NNwYAUpkphVc1HcthR4KEIFJ65n8Mw5qdRn3LE=
github.com/kr/text v0.2.0 h1:5Nx0Ya0ZqY2ygV366QzturHI13Jq95ApcVaJBhpS+AY=
github.com/leodido/go-urn v1.4.0 h1:WT9HwE9SGECu3lg4d/dIA+jxlljEa1/ffXKmRjqdmIQ=
github.com/leodido/go-urn v1.4.0/go.mod h1:bvxc+MVxLKB4z00jd1z+Dvzr47oO32F/QSNjSBOlFxI=
github.com/mailru/easyjson v0.7.7 h1:UGYAvKxe3sBsEDzO8ZeWOSlIQfWFlxbzLZe7hwFURr0=
github.com/mailru/easyjson v0.7.7/go.mod h1:xzfreul335JAWq5oZzymOObrkdz5UnU4kGfJJLY9Nlc=
github.com/metal3-io/baremetal-operator/apis v0.5.1 h1:l6VCuM2nSYMsdir3mocXvF80F7HnTXVZ7NNIoMEYbio=
github.com/metal3-io/baremetal-operator/apis v0.5.1/go.mod h1:Q3MHes59mRabjHM6ARoHfgd2uXUjJIytl3/uflzhyew=
github.com/metal3-io/baremetal-operator/pkg/hardwareutils v0.4.0 h1:AnA8XLLp3RKYjjlB4KI0fyPSDN/d5gb3ZtM2cVyxwOc=
github.com/metal3-io/baremetal-operator/pkg/hardwareutils v0.4.0/go.mod h1:399nvdaqoU9rTI25UdFw2EWcVjmJPpeZPIhfDAIx/XU=
github.com/modern-go/concurrent v0.0.0-20180228061459-e0a39a4cb421/go.mod h1:6dJC0mAP4ikYIbvyc7fijjWJddQyLn8Ig3JB5CqoB9Q=
github.com/modern-go/concurrent v0.0.0-20180306012644-bacd9c7ef1dd h1:TRLaZ9cD/w8PVh93nsPXa1VrQ6jlwL5oN8l14QlcNfg=
github.com/modern-go/concurrent v0.0.0-20180306012644-bacd9c7ef1dd/go.mod h1:6dJC0mAP4ikYIbvyc7fijjWJddQyLn8Ig3JB5CqoB9Q=
github.com/modern-go/reflect2 v1.0.2 h1:xBagoLtFs94CBntxluKeaWgTMpvLxC4ur3nMaC9Gz0M=
github.com/modern-go/reflect2 v1.0.2/go.mod h1:yWuevngMOJpCy52FWWMvUC8ws7m/LJsjYzDa0/r8luk=
github.com/munnerz/goautoneg v0.0.0-20191010083416-a7dc8b61c822 h1:C3w9PqII01/Oq1c1nUAm88MOHcQC9l5mIlSMApZMrHA=
github.com/munnerz/goautoneg v0.0.0-20191010083416-a7dc8b61c822/go.mod h1:+n7T8mK8HuQTcFwEeznm/DIxMOiR9yIdICNftLE1DvQ=
github.com/onsi/ginkgo/v2 v2.17.1 h1:V++EzdbhI4ZV4ev0UTIj0PzhzOcReJFyJaLjtSF55M8=
github.com/onsi/ginkgo/v2 v2.17.1/go.mod h1:llBI3WDLL9Z6taip6f33H76YcWtJv+7R3HigUjbIBOs=
github.com/onsi/gomega v1.32.0 h1:JRYU78fJ1LPxlckP6Txi/EYqJvjtMrDC04/MM5XRHPk=
github.com/onsi/gomega v1.32.0/go.mod h1:a4x4gW6Pz2yK1MAmvluYme5lvYTn61afQ2ETw/8n4Lg=
github.com/openshift/api v0.0.0-20230414143018-3367bc7e6ac7 h1:rncLxJBpFGqBztyxCMwNRnMjhhIDOWHJowi6q8G6koI=
github.com/openshift/api v0.0.0-20230414143018-3367bc7e6ac7/go.mod h1:ctXNyWanKEjGj8sss1KjjHQ3ENKFm33FFnS5BKaIPh4=
github.com/openstack-k8s-operators/barbican-operator/api v0.0.0-20240401125932-8d6162aed60d h1:2eox5VzFfiUeELe1DJzBS9uCncQ+lFieZGDr6FGBFT4=
github.com/openstack-k8s-operators/barbican-operator/api v0.0.0-20240401125932-8d6162aed60d/go.mod h1:d4lFj3oT9ZReHGT/ngbF8ViVnv3vnHs/nemKVubkBGA=
github.com/openstack-k8s-operators/cinder-operator/api v0.3.1-0.20240401190259-4d30fdbf5531 h1:91Mwjt0eGtisBOiiB8fbu1i6Ow1bzd55/f1y89z1BcU=
github.com/openstack-k8s-operators/cinder-operator/api v0.3.1-0.20240401190259-4d30fdbf5531/go.mod h1:ayvrE0oMzyA/AQDKpCqNT9uupRT0TqrSFXb1sjmvWqE=
github.com/openstack-k8s-operators/dataplane-operator/api v0.3.1-0.20240401125648-018312133e03 h1:lJ2DTJfEG8oqFLdRTp3bVgKR6Y2TSUlnrSOiWkF/YrU=
github.com/openstack-k8s-operators/dataplane-operator/api v0.3.1-0.20240401125648-018312133e03/go.mod h1:Or21GRh+xv0VQ9yL1K5CfQ0UVQhtDCfvqaBeY3DLNB4=
github.com/openstack-k8s-operators/designate-operator/api v0.0.0-20240306213520-073a542389ea h1:6E5uL2bqgsOxKuV0K58w5L98PoNVg+iExgTzsfZfP8s=
github.com/openstack-k8s-operators/designate-operator/api v0.0.0-20240306213520-073a542389ea/go.mod h1:6ogMzx/FQFtClz+tI+pdeb+8b3YtmQtxDGApBmMphVI=
github.com/openstack-k8s-operators/glance-operator/api v0.3.1-0.20240402001350-e5cff17cd268 h1:FJZk9wygHGF0wwIFH0oeU11/IUuZw2S9fJlqqx2VaXk=
github.com/openstack-k8s-operators/glance-operator/api v0.3.1-0.20240402001350-e5cff17cd268/go.mod h1:j575INOIXGXzSqmHp+BbqQFW6SPN8gaWJfQeB7iXVm0=
github.com/openstack-k8s-operators/heat-operator/api v0.3.1-0.20240401115821-1e8104084c69 h1:TZ/rf5ovcoX0CABaGZRlEbVT/meMA8NLtMI5AasybYU=
github.com/openstack-k8s-operators/heat-operator/api v0.3.1-0.20240401115821-1e8104084c69/go.mod h1:Wi2hPvl6bPM2pH+fuJZIK/C2EAOKc41Ki3tGk/6A3s4=
github.com/openstack-k8s-operators/horizon-operator/api v0.3.1-0.20240402042929-d6b772101127 h1:dJBShb+guC6IqGZxxjqpMOt4QNctPgbVB0bdg9Bv9tc=
github.com/openstack-k8s-operators/horizon-operator/api v0.3.1-0.20240402042929-d6b772101127/go.mod h1:/qJz+SyeRDEcjwoGYBKb7DdYIWm5lUaCbpkaHnMhrwc=
github.com/openstack-k8s-operators/infra-operator/apis v0.3.1-0.20240327192142-3a7330c5f527 h1:Dn+fAvP98vzFJRrf2UhxQXDA1RmJIHTcCqiINtQQ9l8=
github.com/openstack-k8s-operators/infra-operator/apis v0.3.1-0.20240327192142-3a7330c5f527/go.mod h1:qKuzDDDMlAmJn4JWPoUeBEzpAia7J17++hhzR0oPv88=
github.com/openstack-k8s-operators/ironic-operator/api v0.3.1-0.20240320220525-7cb8f24d903d h1:DY3mqDDsqGR9pMD5zSTPBSpXcTCPwYTvGJk2x3fdBEA=
github.com/openstack-k8s-operators/ironic-operator/api v0.3.1-0.20240320220525-7cb8f24d903d/go.mod h1:LnNsRscwuhOstzSuBZXAXi0iUUMLkafojSlEUBBfIPU=
github.com/openstack-k8s-operators/keystone-operator/api v0.3.1-0.20240328191303-c47a8894eea5 h1:wzzdIwSx/uGDElnczj3Migz859YTAGN9TG2jBSjtmBQ=
github.com/openstack-k8s-operators/keystone-operator/api v0.3.1-0.20240328191303-c47a8894eea5/go.mod h1:opUQY0YZNCyA11FKLToVhaVZTTEMfbnf0ozOLmkKfGs=
github.com/openstack-k8s-operators/lib-common/modules/certmanager v0.0.0-20240326081751-56015b1ae3f6 h1:Y/xyoXRYaUgl3YEQR9Vn9jDbucibxcO16KQ6djyx32o=
github.com/openstack-k8s-operators/lib-common/modules/certmanager v0.0.0-20240326081751-56015b1ae3f6/go.mod h1:RV+rktKvegjYBQLuBKt8ax29UMqsU/D/sfSjQPr6XIs=
github.com/openstack-k8s-operators/lib-common/modules/common v0.3.1-0.20240326081751-56015b1ae3f6 h1:4Z7LjnjEF82XiusXJTI/4TqgwnJas3cdvg/qEgkrW8Q=
github.com/openstack-k8s-operators/lib-common/modules/common v0.3.1-0.20240326081751-56015b1ae3f6/go.mod h1:DL+Ts0k+fzgZmx0XxWArIeAmdKuTkPa1I5DThdybfmE=
github.com/openstack-k8s-operators/lib-common/modules/openstack v0.3.1-0.20240326081751-56015b1ae3f6 h1:SgAOAzpDl6K8xKnzQmMqq+go8Q+EPO8MDLtvlGZ2SNw=
github.com/openstack-k8s-operators/lib-common/modules/openstack v0.3.1-0.20240326081751-56015b1ae3f6/go.mod h1:ghnFgNIzj4amS897wEto+L+jYzDSg2cJ6y32RNfFGhk=
github.com/openstack-k8s-operators/lib-common/modules/storage v0.3.1-0.20240326081751-56015b1ae3f6 h1:+/rZBzjzrhQDgNTzrcIAaXhsCkW2lf2Ekg0jG5gsqvQ=
github.com/openstack-k8s-operators/lib-common/modules/storage v0.3.1-0.20240326081751-56015b1ae3f6/go.mod h1:O5Cc9+++JnKewv8VWtTQeH5r2gPLy0lhdECfmjy7mF0=
github.com/openstack-k8s-operators/lib-common/modules/test v0.3.1-0.20240326081751-56015b1ae3f6 h1:prI1BsjdH8b3/7tGCbCY8h6MYHVOiDi6mgrWUHUWajI=
github.com/openstack-k8s-operators/lib-common/modules/test v0.3.1-0.20240326081751-56015b1ae3f6/go.mod h1:GVS3x9Z74SfM9YuzvxPP05+L2Z+X2rZjbtuijb9KuQE=
github.com/openstack-k8s-operators/manila-operator/api v0.3.1-0.20240329184204-9f02757cd23c h1:ywUQhq4JVG9WUBXQ/5NqK1lPqHhe+V+CkBKsH5E2UCk=
github.com/openstack-k8s-operators/manila-operator/api v0.3.1-0.20240329184204-9f02757cd23c/go.mod h1:2xtchrVN1qkQcO2Xa2JkQLqBdYL7GRIUUsoiGLHK3OM=
github.com/openstack-k8s-operators/mariadb-operator/api v0.3.1-0.20240314113200-40cf3e6aa38e h1:HUJV2Rd0NQZAXwV0UNdHKjO7fY5QLlDuLdI9f/OIc0Y=
github.com/openstack-k8s-operators/mariadb-operator/api v0.3.1-0.20240314113200-40cf3e6aa38e/go.mod h1:f9IIyWeoskWoeWaDFF3qmAJ2Kqyovfi0Ar/QUfk3qag=
github.com/openstack-k8s-operators/neutron-operator/api v0.3.1-0.20240328201705-3f89f274c32f h1:uTyho5XjL/nmdEh3aRZ/ByGzrXCtYTpwsb+TaKS9UyI=
github.com/openstack-k8s-operators/neutron-operator/api v0.3.1-0.20240328201705-3f89f274c32f/go.mod h1:3noVvcFj00ClDf7LLmf+kpdAMGaS3tCHhntFXGX2qA0=
github.com/openstack-k8s-operators/nova-operator/api v0.3.1-0.20240327140817-6274ce7a470d h1:u2Tbxoci7jHjaPgWRSTwZCwlrUxvoT5IFiDo5CTpFL4=
github.com/openstack-k8s-operators/nova-operator/api v0.3.1-0.20240327140817-6274ce7a470d/go.mod h1:s9ZDTDlY5f7cu/ZT35kGYvLD8v6mto6MOLPcsK73e54=
github.com/openstack-k8s-operators/octavia-operator/api v0.3.1-0.20240328232406-8b4e3c4682b0 h1:KtP09zh5MnhsszF7yudZV8tbFTcUcewRjwVi06htdhE=
github.com/openstack-k8s-operators/octavia-operator/api v0.3.1-0.20240328232406-8b4e3c4682b0/go.mod h1:w46sjTz5g4qxAd3xkEYTakmRoZOF8TfVr5WKG0vmPSw=
github.com/openstack-k8s-operators/openstack-ansibleee-operator/api v0.3.1-0.20240401053253-1003b1a0ef54 h1:rnMT5Pnivw3gHT+JMzlcnjdAqSJjOg38bCcj2vl0Cbs=
github.com/openstack-k8s-operators/openstack-ansibleee-operator/api v0.3.1-0.20240401053253-1003b1a0ef54/go.mod h1:Xk4TANfoz7FbKDdHhqWMQBVD3xndi4vdMmQpD3j3eBg=
github.com/openstack-k8s-operators/openstack-baremetal-operator/api v0.3.1-0.20240327125944-20c4db02e417 h1:F+prIERvQmfsLGb8yeRicQJpPZ6yX3pk7+ooALNbIV0=
github.com/openstack-k8s-operators/openstack-baremetal-operator/api v0.3.1-0.20240327125944-20c4db02e417/go.mod h1:VBiTU5t4StrJUYbGtVN0RPUl45DmC39eKjvXSLRF0hA=
github.com/openstack-k8s-operators/ovn-operator/api v0.3.1-0.20240402050515-c36b60392844 h1:n47JrLwpqm57KnbnTKgLhYfB22mtix9EssN+cAhTgrY=
github.com/openstack-k8s-operators/ovn-operator/api v0.3.1-0.20240402050515-c36b60392844/go.mod h1:gouaaSPxUBLC1ifDBAdFsbl1njab50Uc2cBE8M6oKGc=
github.com/openstack-k8s-operators/placement-operator/api v0.3.1-0.20240329120831-fae0c7277030 h1:K9+IG62zRWGb3aY/L5TJdzHcux9ush81NgSP/V7Z4Rs=
github.com/openstack-k8s-operators/placement-operator/api v0.3.1-0.20240329120831-fae0c7277030/go.mod h1:EywODLufVW54+2OKUNg8GJ7r5quzTHESy+UYXUCaThw=
github.com/openstack-k8s-operators/swift-operator/api v0.3.1-0.20240401121218-1c9229f0f39e h1:nSDa/kSfCha1Wc5hYtOvaisbVHcOzrPxTn8KZrJLWbM=
github.com/openstack-k8s-operators/swift-operator/api v0.3.1-0.20240401121218-1c9229f0f39e/go.mod h1:kl+TdEExQwr7OCZaOilotlGlz9rzGxC75rUBL0P35f8=
github.com/openstack-k8s-operators/telemetry-operator/api v0.3.1-0.20240401072516-b7dd5eee10ee h1:2TnRdVR9OHtyGrLWHXBKkxpGZ9kkSRFMtCSohZ5Fv80=
github.com/openstack-k8s-operators/telemetry-operator/api v0.3.1-0.20240401072516-b7dd5eee10ee/go.mod h1:TddKhB6NBILwDr2/ltIP+mUb+UC3pSqHB2rHoLvwWic=
github.com/operator-framework/api v0.20.0 h1:A2YCRhr+6s0k3pRJacnwjh1Ue8BqjIGuQ2jvPg9XCB4=
github.com/operator-framework/api v0.20.0/go.mod h1:rXPOhrQ6mMeXqCmpDgt1ALoar9ZlHL+Iy5qut9R99a4=
github.com/pkg/errors v0.9.1 h1:FEBLx1zS214owpjy7qsBeixbURkuhQAwrK5UwLGTwt4=
github.com/pkg/errors v0.9.1/go.mod h1:bwawxfHBFNV+L2hUp1rHADufV3IMtnDRdf1r5NINEl0=
github.com/pmezard/go-difflib v1.0.0/go.mod h1:iKH77koFhYxTK1pcRnkKkqfTogsbg7gZNVY4sRDYZ/4=
github.com/pmezard/go-difflib v1.0.1-0.20181226105442-5d4384ee4fb2 h1:Jamvg5psRIccs7FGNTlIRMkT8wgtp5eCXdBlqhYGL6U=
github.com/prometheus/client_golang v1.18.0 h1:HzFfmkOzH5Q8L8G+kSJKUx5dtG87sewO+FoDDqP5Tbk=
github.com/prometheus/client_golang v1.18.0/go.mod h1:T+GXkCk5wSJyOqMIzVgvvjFDlkOQntgjkJWKrN5txjA=
github.com/prometheus/client_model v0.5.0 h1:VQw1hfvPvk3Uv6Qf29VrPF32JB6rtbgI6cYPYQjL0Qw=
github.com/prometheus/client_model v0.5.0/go.mod h1:dTiFglRmd66nLR9Pv9f0mZi7B7fk5Pm3gvsjB5tr+kI=
github.com/prometheus/common v0.46.0 h1:doXzt5ybi1HBKpsZOL0sSkaNHJJqkyfEWZGGqqScV0Y=
github.com/prometheus/common v0.46.0/go.mod h1:Tp0qkxpb9Jsg54QMe+EAmqXkSV7Evdy1BTn+g2pa/hQ=
github.com/prometheus/procfs v0.12.0 h1:jluTpSng7V9hY0O2R9DzzJHYb2xULk9VTR1V1R/k6Bo=
github.com/prometheus/procfs v0.12.0/go.mod h1:pcuDEFsWDnvcgNzo4EEweacyhjeA9Zk3cnaOZAZEfOo=
github.com/rabbitmq/cluster-operator/v2 v2.6.0 h1:pr42elurQgi4DVmLTI1cOh8VZRNkfFKZK9+FgQuM/8w=
github.com/rabbitmq/cluster-operator/v2 v2.6.0/go.mod h1:Zryxg5YgbPUFcLSCcKpf10il8kIRAK5HloNo6khhdis=
github.com/rhobs/obo-prometheus-operator/pkg/apis/monitoring v0.69.0-rhobs1 h1:d6UamuHl8GaEXcQqM7VO8jMnnhzHmTA0f6h4dQTQsGk=
github.com/rhobs/obo-prometheus-operator/pkg/apis/monitoring v0.69.0-rhobs1/go.mod h1:SDL0R6499oleOOVL5ovIxHpyLOh2sR2g0rvBuuqHyQM=
github.com/rhobs/observability-operator v0.0.28 h1:FFMBkmI1LWJVWyJKJqelYbV5iUc4u/wJClqowRJZRoU=
github.com/rhobs/observability-operator v0.0.28/go.mod h1:LbxNGGlKlcD7NBt0axiTeRRjnE0m///DoyeVKeaStg4=
github.com/robfig/cron/v3 v3.0.1 h1:WdRxkvbJztn8LMz/QEvLN5sBU+xKpSqwwUO1Pjr4qDs=
github.com/robfig/cron/v3 v3.0.1/go.mod h1:eQICP3HwyT7UooqI/z+Ov+PtYAWygg1TEWWzGIFLtro=
github.com/rogpeppe/go-internal v1.12.0 h1:exVL4IDcn6na9z1rAb56Vxr+CgyK3nn3O+epU5NdKM8=
github.com/sirupsen/logrus v1.9.3 h1:dueUQJ1C2q9oE3F7wvmSGAaVtTmUizReu6fjN8uqzbQ=
github.com/sirupsen/logrus v1.9.3/go.mod h1:naHLuLoDiP4jHNo9R0sCBMtWGeIprob74mVsIT4qYEQ=
github.com/spf13/pflag v1.0.5 h1:iy+VFUOCP1a+8yFto/drg2CJ5u0yRoB7fZw3DKv/JXA=
github.com/spf13/pflag v1.0.5/go.mod h1:McXfInJRrz4CZXVZOBLb0bTZqETkiAhM9Iw0y3An2Bg=
github.com/stretchr/objx v0.1.0/go.mod h1:HFkY916IF+rwdDfMAkV7OtwuqBVzrE8GR6GFx+wExME=
github.com/stretchr/testify v1.3.0/go.mod h1:M5WIy9Dh21IEIfnGCwXGc5bZfKNJtfHm1UVUgZn+9EI=
github.com/stretchr/testify v1.6.1/go.mod h1:6Fq8oRcR53rry900zMqJjRRixrwX3KX962/h/Wwjteg=
github.com/stretchr/testify v1.7.0/go.mod h1:6Fq8oRcR53rry900zMqJjRRixrwX3KX962/h/Wwjteg=
github.com/stretchr/testify v1.8.4 h1:CcVxjf3Q8PM0mHUKJCdn+eZZtm5yQwehR5yeSVQQcUk=
github.com/yuin/goldmark v1.1.27/go.mod h1:3hX8gzYuyVAZsxl0MRgGTJEmQBFcNTphYh9decYSb74=
github.com/yuin/goldmark v1.2.1/go.mod h1:3hX8gzYuyVAZsxl0MRgGTJEmQBFcNTphYh9decYSb74=
github.com/yuin/goldmark v1.4.13/go.mod h1:6yULJ656Px+3vBD8DxQVa3kxgyrAnzto9xy5taEt/CY=
go.uber.org/goleak v1.3.0 h1:2K3zAYmnTNqV73imy9J1T3WC+gmCePx2hEGkimedGto=
go.uber.org/multierr v1.11.0 h1:blXXJkSxSSfBVBlC76pxqeO+LN3aDfLQo+309xJstO0=
go.uber.org/multierr v1.11.0/go.mod h1:20+QtiLqy0Nd6FdQB9TLXag12DsQkrbs3htMFfDN80Y=
go.uber.org/zap v1.27.0 h1:aJMhYGrd5QSmlpLMr2MftRKl7t8J8PTZPA732ud/XR8=
go.uber.org/zap v1.27.0/go.mod h1:GB2qFLM7cTU87MWRP2mPIjqfIDnGu+VIO4V/SdhGo2E=
golang.org/x/crypto v0.0.0-20190308221718-c2843e01d9a2/go.mod h1:djNgcEr1/C05ACkg1iLfiJU5Ep61QUkGW8qpdssI0+w=
golang.org/x/crypto v0.0.0-20191011191535-87dc89f01550/go.mod h1:yigFU9vqHzYiE8UmvKecakEJjdnWj3jj499lnFckfCI=
golang.org/x/crypto v0.0.0-20200622213623-75b288015ac9/go.mod h1:LzIPMQfyMNhhGPhUkYOs5KpL4U8rLKemX1yGLhDgUto=
golang.org/x/crypto v0.0.0-20210921155107-089bfa567519/go.mod h1:GvvjBRRGRdwPK5ydBHafDWAxML/pGHZbMvKqRZ5+Abc=
golang.org/x/crypto v0.0.0-20220829220503-c86fa9a7ed90/go.mod h1:IxCIyHEi3zRg3s0A5j5BB6A9Jmi73HwBIUl50j+osU4=
golang.org/x/crypto v0.19.0 h1:ENy+Az/9Y1vSrlrvBSyna3PITt4tiZLf7sgCjZBX7Wo=
golang.org/x/crypto v0.19.0/go.mod h1:Iy9bg/ha4yyC70EfRS8jz+B6ybOBKMaSxLj6P6oBDfU=
golang.org/x/exp v0.0.0-20240213143201-ec583247a57a h1:HinSgX1tJRX3KsL//Gxynpw5CTOAIPhgL4W8PNiIpVE=
golang.org/x/exp v0.0.0-20240213143201-ec583247a57a/go.mod h1:CxmFvTBINI24O/j8iY7H1xHzx2i4OsyguNBmN/uPtqc=
golang.org/x/mod v0.2.0/go.mod h1:s0Qsj1ACt9ePp/hMypM3fl4fZqREWJwdYDEqhRiZZUA=
golang.org/x/mod v0.3.0/go.mod h1:s0Qsj1ACt9ePp/hMypM3fl4fZqREWJwdYDEqhRiZZUA=
golang.org/x/mod v0.6.0-dev.0.20220419223038-86c51ed26bb4/go.mod h1:jJ57K6gSWd91VN4djpZkiMVwK6gcyfeH4XE8wZrZaV4=
golang.org/x/mod v0.15.0 h1:SernR4v+D55NyBH2QiEQrlBAnj1ECL6AGrA5+dPaMY8=
golang.org/x/mod v0.15.0/go.mod h1:hTbmBsO62+eylJbnUtE2MGJUyE7QWk4xUqPFrRgJ+7c=
golang.org/x/net v0.0.0-20190404232315-eb5bcb51f2a3/go.mod h1:t9HGtf8HONx5eT2rtn7q6eTqICYqUVnKs3thJo3Qplg=
golang.org/x/net v0.0.0-20190620200207-3b0461eec859/go.mod h1:z5CRVTTTmAJ677TzLLGU+0bjPO0LkuOLi4/5GtJWs/s=
golang.org/x/net v0.0.0-20200226121028-0de0cce0169b/go.mod h1:z5CRVTTTmAJ677TzLLGU+0bjPO0LkuOLi4/5GtJWs/s=
golang.org/x/net v0.0.0-20201021035429-f5854403a974/go.mod h1:sp8m0HH+o8qH0wwXwYZr8TS3Oi6o0r6Gce1SSxlDquU=
golang.org/x/net v0.0.0-20210226172049-e18ecbb05110/go.mod h1:m0MpNAwzfU5UDzcl9v0D8zg8gWTRqZa9RBIspLL5mdg=
golang.org/x/net v0.0.0-20211112202133-69e39bad7dc2/go.mod h1:9nx3DQGgdP8bBQD5qxJ1jj9UTztislL4KSBs9R2vV5Y=
golang.org/x/net v0.0.0-20220722155237-a158d28d115b/go.mod h1:XRhObCWvk6IyKnWLug+ECip1KBveYUHfp+8e9klMJ9c=
golang.org/x/net v0.21.0 h1:AQyQV4dYCvJ7vGmJyKki9+PBdyvhkSd8EIx/qb0AYv4=
golang.org/x/net v0.21.0/go.mod h1:bIjVDfnllIU7BJ2DNgfnXvpSvtn8VRwhlsaeUTyUS44=
golang.org/x/oauth2 v0.16.0 h1:aDkGMBSYxElaoP81NpoUoz2oo2R2wHdZpGToUxfyQrQ=
golang.org/x/oauth2 v0.16.0/go.mod h1:hqZ+0LWXsiVoZpeld6jVt06P3adbS2Uu911W1SsJv2o=
golang.org/x/sync v0.0.0-20190423024810-112230192c58/go.mod h1:RxMgew5VJxzue5/jJTE5uejpjVlOe/izrB70Jof72aM=
golang.org/x/sync v0.0.0-20190911185100-cd5d95a43a6e/go.mod h1:RxMgew5VJxzue5/jJTE5uejpjVlOe/izrB70Jof72aM=
golang.org/x/sync v0.0.0-20201020160332-67f06af15bc9/go.mod h1:RxMgew5VJxzue5/jJTE5uejpjVlOe/izrB70Jof72aM=
golang.org/x/sync v0.0.0-20220722155255-886fb9371eb4/go.mod h1:RxMgew5VJxzue5/jJTE5uejpjVlOe/izrB70Jof72aM=
golang.org/x/sys v0.0.0-20190215142949-d0b11bdaac8a/go.mod h1:STP8DvDyc/dI5b8T5hshtkjS+E42TnysNCUPdjciGhY=
golang.org/x/sys v0.0.0-20190412213103-97732733099d/go.mod h1:h1NjWce9XRLGQEsW7wpKNCjG9DtNlClVuFLEZdDNbEs=
golang.org/x/sys v0.0.0-20200930185726-fdedc70b468f/go.mod h1:h1NjWce9XRLGQEsW7wpKNCjG9DtNlClVuFLEZdDNbEs=
golang.org/x/sys v0.0.0-20201119102817-f84b799fce68/go.mod h1:h1NjWce9XRLGQEsW7wpKNCjG9DtNlClVuFLEZdDNbEs=
golang.org/x/sys v0.0.0-20210423082822-04245dca01da/go.mod h1:h1NjWce9XRLGQEsW7wpKNCjG9DtNlClVuFLEZdDNbEs=
golang.org/x/sys v0.0.0-20210615035016-665e8c7367d1/go.mod h1:oPkhp1MJrh7nUepCBck5+mAzfO9JrbApNNgaTdGDITg=
golang.org/x/sys v0.0.0-20220520151302-bc2c85ada10a/go.mod h1:oPkhp1MJrh7nUepCBck5+mAzfO9JrbApNNgaTdGDITg=
golang.org/x/sys v0.0.0-20220715151400-c0bba94af5f8/go.mod h1:oPkhp1MJrh7nUepCBck5+mAzfO9JrbApNNgaTdGDITg=
golang.org/x/sys v0.0.0-20220722155257-8c9f86f7a55f/go.mod h1:oPkhp1MJrh7nUepCBck5+mAzfO9JrbApNNgaTdGDITg=
golang.org/x/sys v0.18.0 h1:DBdB3niSjOA/O0blCZBqDefyWNYveAYMNF1Wum0DYQ4=
golang.org/x/sys v0.18.0/go.mod h1:/VUhepiaJMQUp4+oa/7Zr1D23ma6VTLIYjOOTFZPUcA=
golang.org/x/term v0.0.0-20201126162022-7de9c90e9dd1/go.mod h1:bj7SfCRtBDWHUb9snDiAeCFNEtKQo2Wmx5Cou7ajbmo=
golang.org/x/term v0.0.0-20210927222741-03fcf44c2211/go.mod h1:jbD1KX2456YbFQfuXm/mYQcufACuNUgVhRMnK/tPxf8=
golang.org/x/term v0.18.0 h1:FcHjZXDMxI8mM3nwhX9HlKop4C0YQvCVCdwYl2wOtE8=
golang.org/x/term v0.18.0/go.mod h1:ILwASektA3OnRv7amZ1xhE/KTR+u50pbXfZ03+6Nx58=
golang.org/x/text v0.3.0/go.mod h1:NqM8EUOU14njkJ3fqMW+pc6Ldnwhi/IjpwHt7yyuwOQ=
golang.org/x/text v0.3.3/go.mod h1:5Zoc/QRtKVWzQhOtBMvqHzDpF6irO9z98xDceosuGiQ=
golang.org/x/text v0.3.6/go.mod h1:5Zoc/QRtKVWzQhOtBMvqHzDpF6irO9z98xDceosuGiQ=
golang.org/x/text v0.3.7/go.mod h1:u+2+/6zg+i71rQMx5EYifcz6MCKuco9NR6JIITiCfzQ=
golang.org/x/text v0.3.8/go.mod h1:E6s5w1FMmriuDzIBO73fBruAKo1PCIq6d2Q6DHfQ8WQ=
golang.org/x/text v0.14.0 h1:ScX5w1eTa3QqT8oi6+ziP7dTV1S2+ALU0bI+0zXKWiQ=
golang.org/x/text v0.14.0/go.mod h1:18ZOQIKpY8NJVqYksKHtTdi31H5itFRjB5/qKTNYzSU=
golang.org/x/time v0.5.0 h1:o7cqy6amK/52YcAKIPlM3a+Fpj35zvRj2TP+e1xFSfk=
golang.org/x/time v0.5.0/go.mod h1:3BpzKBy/shNhVucY/MWOyx10tF3SFh9QdLuxbVysPQM=
golang.org/x/tools v0.0.0-20180917221912-90fa682c2a6e/go.mod h1:n7NCudcB/nEzxVGmLbDWY5pfWTLqBcC2KZ6jyYvM4mQ=
golang.org/x/tools v0.0.0-20191119224855-298f0cb1881e/go.mod h1:b+2E5dAYhXwXZwtnZ6UAqBI28+e2cm9otk0dWdXHAEo=
golang.org/x/tools v0.0.0-20200619180055-7c47624df98f/go.mod h1:EkVYQZoAsY45+roYkvgYkIh4xh/qjgUK9TdY2XT94GE=
golang.org/x/tools v0.0.0-20210106214847-113979e3529a/go.mod h1:emZCQorbCU4vsT4fOWvOPXz4eW1wZW4PmDk9uLelYpA=
golang.org/x/tools v0.1.12/go.mod h1:hNGJHUnrk76NpqgfD5Aqm5Crs+Hm0VOH/i9J2+nxYbc=
golang.org/x/tools v0.18.0 h1:k8NLag8AGHnn+PHbl7g43CtqZAwG60vZkLqgyZgIHgQ=
golang.org/x/tools v0.18.0/go.mod h1:GL7B4CwcLLeo59yx/9UWWuNOW1n3VZ4f5axWfML7Lcg=
golang.org/x/xerrors v0.0.0-20190717185122-a985d3407aa7/go.mod h1:I/5z698sn9Ka8TeJc9MKroUUfqBBauWjQqLJ2OPfmY0=
golang.org/x/xerrors v0.0.0-20191011141410-1b5146add898/go.mod h1:I/5z698sn9Ka8TeJc9MKroUUfqBBauWjQqLJ2OPfmY0=
golang.org/x/xerrors v0.0.0-20191204190536-9bdfabe68543/go.mod h1:I/5z698sn9Ka8TeJc9MKroUUfqBBauWjQqLJ2OPfmY0=
golang.org/x/xerrors v0.0.0-20200804184101-5ec99f83aff1/go.mod h1:I/5z698sn9Ka8TeJc9MKroUUfqBBauWjQqLJ2OPfmY0=
gomodules.xyz/jsonpatch/v2 v2.4.0 h1:Ci3iUJyx9UeRx7CeFN8ARgGbkESwJK+KB9lLcWxY/Zw=
gomodules.xyz/jsonpatch/v2 v2.4.0/go.mod h1:AH3dM2RI6uoBZxn3LVrfvJ3E0/9dG4cSrbuBJT4moAY=
google.golang.org/appengine v1.6.8 h1:IhEN5q69dyKagZPYMSdIjS2HqprW324FRQZJcGqPAsM=
google.golang.org/appengine v1.6.8/go.mod h1:1jJ3jBArFh5pcgW8gCtRJnepW8FzD1V44FJffLiz/Ds=
google.golang.org/protobuf v1.26.0-rc.1/go.mod h1:jlhhOSvTdKEhbULTjvd4ARK9grFBp09yW+WbY/TyQbw=
google.golang.org/protobuf v1.26.0/go.mod h1:9q0QmTI4eRPtz6boOQmLYwt+qCgq0jsYwAQnmE0givc=
google.golang.org/protobuf v1.33.0 h1:uNO2rsAINq/JlFpSdYEKIZ0uKD/R9cpdv0T+yoGwGmI=
google.golang.org/protobuf v1.33.0/go.mod h1:c6P6GXX6sHbq/GpV6MGZEdwhWPcYBgnhAHhKbcUYpos=
gopkg.in/check.v1 v0.0.0-20161208181325-20d25e280405/go.mod h1:Co6ibVJAznAaIkqp8huTwlJQCZ016jof/cbN4VW5Yz0=
gopkg.in/check.v1 v1.0.0-20201130134442-10cb98267c6c h1:Hei/4ADfdWqJk1ZMxUNpqntNwaWcugrBjAiHlqqRiVk=
gopkg.in/inf.v0 v0.9.1 h1:73M5CoZyi3ZLMOyDlQh031Cx6N9NDJ2Vvfl76EDAgDc=
gopkg.in/inf.v0 v0.9.1/go.mod h1:cWUDdTG/fYaXco+Dcufb5Vnc6Gp2YChqWtbxRZE0mXw=
gopkg.in/yaml.v2 v2.2.8/go.mod h1:hI93XBmqTisBFMUTm0b8Fm+jr3Dg1NNxqwp+5A1VGuI=
gopkg.in/yaml.v2 v2.4.0 h1:D8xgwECY7CYvx+Y2n4sBz93Jn9JRvxdiyyo8CTfuKaY=
gopkg.in/yaml.v2 v2.4.0/go.mod h1:RDklbk79AGWmwhnvt/jBztapEOGDOx6ZbXqjP6csGnQ=
gopkg.in/yaml.v3 v3.0.0-20200313102051-9f266ea9e77c/go.mod h1:K4uyk7z7BCEPqu6E+C64Yfv1cQ7kz7rIZviUmN+EgEM=
gopkg.in/yaml.v3 v3.0.1 h1:fxVm/GzAzEWqLHuvctI91KS9hhNmmWOoWu0XTYJS7CA=
gopkg.in/yaml.v3 v3.0.1/go.mod h1:K4uyk7z7BCEPqu6E+C64Yfv1cQ7kz7rIZviUmN+EgEM=
k8s.io/api v0.28.8 h1:G0/G7yX1puRAcon/+XPLsKXZ9A5L7Ds6oKbDIe027xw=
k8s.io/api v0.28.8/go.mod h1:rU8f1t9CNUAXlk/1j/wMJ7XnaxkR1g1AlZGQAOOL+sw=
k8s.io/apiextensions-apiserver v0.28.8 h1:JucS9tcaMMlfFrJ09cgh1Maeb8X2wlnxcfNpplyGHXs=
k8s.io/apiextensions-apiserver v0.28.8/go.mod h1:IKpLiKmvEYq/ti8sNtB1sM3A3vVV7fILIsvdmZswhoQ=
k8s.io/apimachinery v0.28.8 h1:hi/nrxHwk4QLV+W/SHve1bypTE59HCDorLY1stBIxKQ=
k8s.io/apimachinery v0.28.8/go.mod h1:cBnwIM3fXoRo28SqbV/Ihxf/iviw85KyXOrzxvZQ83U=
k8s.io/client-go v0.28.8 h1:TE59Tjd87WKvS2FPBTfIKLFX0nQJ4SSHsnDo5IHjgOw=
k8s.io/client-go v0.28.8/go.mod h1:uDVQ/rPzWpWIy40c6lZ4mUwaEvRWGnpoqSO4FM65P3o=
k8s.io/component-base v0.28.8 h1:N/c5L6Ty5rcrFyhsMYsqRFUOVGrqGQsLfjB0yj6npqM=
k8s.io/component-base v0.28.8/go.mod h1:9PjQ4nM1Hth6WGe/O+wgLF32eSwf4oPOoN5elmFznJM=
k8s.io/klog/v2 v2.120.1 h1:QXU6cPEOIslTGvZaXvFWiP9VKyeet3sawzTOvdXb4Vw=
k8s.io/klog/v2 v2.120.1/go.mod h1:3Jpz1GvMt720eyJH1ckRHK1EDfpxISzJ7I9OYgaDtPE=
k8s.io/kube-openapi v0.0.0-20240228011516-70dd3763d340 h1:BZqlfIlq5YbRMFko6/PM7FjZpUb45WallggurYhKGag=
k8s.io/kube-openapi v0.0.0-20240228011516-70dd3763d340/go.mod h1:yD4MZYeKMBwQKVht279WycxKyM84kkAx2DPrTXaeb98=
k8s.io/utils v0.0.0-20240310230437-4693a0247e57 h1:gbqbevonBh57eILzModw6mrkbwM0gQBEuevE/AaBsHY=
k8s.io/utils v0.0.0-20240310230437-4693a0247e57/go.mod h1:OLgZIPagt7ERELqWJFomSt595RzquPNLL48iOWgYOg0=
sigs.k8s.io/controller-runtime v0.16.5 h1:yr1cEJbX08xsTW6XEIzT13KHHmIyX8Umvme2cULvFZw=
sigs.k8s.io/controller-runtime v0.16.5/go.mod h1:j7bialYoSn142nv9sCOJmQgDXQXxnroFU4VnX/brVJ0=
sigs.k8s.io/gateway-api v0.8.0 h1:isQQ3Jx2qFP7vaA3ls0846F0Amp9Eq14P08xbSwVbQg=
sigs.k8s.io/gateway-api v0.8.0/go.mod h1:okOnjPNBFbIS/Rw9kAhuIUaIkLhTKEu+ARIuXk2dgaM=
sigs.k8s.io/json v0.0.0-20221116044647-bc3834ca7abd h1:EDPBXCAspyGV4jQlpZSudPeMmr1bNJefnuqLsRAsHZo=
sigs.k8s.io/json v0.0.0-20221116044647-bc3834ca7abd/go.mod h1:B8JuhiUyNFVKdsE8h686QcCxMaH6HrOAZj4vswFpcB0=
sigs.k8s.io/structured-merge-diff/v4 v4.4.1 h1:150L+0vs/8DA78h1u02ooW1/fFq/Lwr+sGiqlzvrtq4=
sigs.k8s.io/structured-merge-diff/v4 v4.4.1/go.mod h1:N8hJocpFajUSSeSJ9bOZ77VzejKZaXsTtZo4/u7Io08=
sigs.k8s.io/yaml v1.4.0 h1:Mk1wCc2gy/F0THH0TAp1QYyJNzRm2KCLy3o5ASXVI5E=
sigs.k8s.io/yaml v1.4.0/go.mod h1:Ejl7/uTz7PSA4eKMyQCUTnhZYNmLIl+5c2lQPGR2BPY=
