github.com/Deydra71/keystone-operator/api v0.0.0-20250718124530-83b0609d1c8c h1:283YBuEmIfplwstu3oQvYWATABVCV7QS1jQztP7teFg=
github.com/Deydra71/keystone-operator/api v0.0.0-20250718124530-83b0609d1c8c/go.mod h1:0/8UQBzOyJYqHjarBfm2Rsw4xbQ8tywtKxSbTFbLbO0=
github.com/beorn7/perks v1.0.1 h1:VlbKKnNfV8bJzeqoa4cOKqO6bYr3WgKZxO8Z16+hsOM=
github.com/beorn7/perks v1.0.1/go.mod h1:G2ZrVWU2WbWT9wwq4/hrbKbnv/1ERSJQ0ibhJ6rlkpw=
github.com/cert-manager/cert-manager v1.14.7 h1:C2L59sMGMdSpd8SPx5qfPAL7ejZaNxJBRd24S7Ws5Ek=
github.com/cert-manager/cert-manager v1.14.7/go.mod h1:0QE/Hzfs2SxNrFFYgFh/d0c0cDfNv9qSrAev2LFt5nM=
github.com/cespare/xxhash/v2 v2.2.0 h1:DC2CZ1Ep5Y4k3ZQ899DldepgrayRUGE6BBZ/cd9Cj44=
github.com/cespare/xxhash/v2 v2.2.0/go.mod h1:VGX0DQ3Q6kWi7AoAeZDth3/j3BFtOZR5XLFGgcrjCOs=
github.com/davecgh/go-spew v1.1.0/go.mod h1:J7Y8YcW2NihsgmVo/mv3lAwl/skON4iLHjSsI+c5H38=
github.com/davecgh/go-spew v1.1.1/go.mod h1:J7Y8YcW2NihsgmVo/mv3lAwl/skON4iLHjSsI+c5H38=
github.com/davecgh/go-spew v1.1.2-0.20180830191138-d8f796af33cc h1:U9qPSI2PIWSS1VwoXQT9A3Wy9MM3WgvqSxFWenqJduM=
github.com/davecgh/go-spew v1.1.2-0.20180830191138-d8f796af33cc/go.mod h1:J7Y8YcW2NihsgmVo/mv3lAwl/skON4iLHjSsI+c5H38=
github.com/emicklei/go-restful/v3 v3.12.0 h1:y2DdzBAURM29NFF94q6RaY4vjIH1rtwDapwQtU84iWk=
github.com/emicklei/go-restful/v3 v3.12.0/go.mod h1:6n3XBCmQQb25CM2LCACGz8ukIrRry+4bhvbpWn3mrbc=
github.com/evanphx/json-patch v5.7.0+incompatible h1:vgGkfT/9f8zE6tvSCe74nfpAVDQ2tG6yudJd8LBksgI=
github.com/evanphx/json-patch v5.7.0+incompatible/go.mod h1:50XU6AFN0ol/bzJsmQLiYLvXMP4fmwYFNcr97nuDLSk=
github.com/evanphx/json-patch/v5 v5.9.0 h1:kcBlZQbplgElYIlo/n1hJbls2z/1awpXxpRi0/FOJfg=
github.com/evanphx/json-patch/v5 v5.9.0/go.mod h1:VNkHZ/282BpEyt/tObQO8s5CMPmYYq14uClGH4abBuQ=
github.com/fsnotify/fsnotify v1.7.0 h1:8JEhPFa5W2WU7YfeZzPNqzMP6Lwt7L2715Ggo0nosvA=
github.com/fsnotify/fsnotify v1.7.0/go.mod h1:40Bi/Hjc2AVfZrqy+aj+yEI+/bRxZnMJyTJwOpGvigM=
github.com/gabriel-vasile/mimetype v1.4.8 h1:FfZ3gj38NjllZIeJAmMhr+qKL8Wu+nOoI3GqacKw1NM=
github.com/gabriel-vasile/mimetype v1.4.8/go.mod h1:ByKUIKGjh1ODkGM1asKUbQZOLGrPjydw3hYPU2YU9t8=
github.com/go-logr/logr v1.4.3 h1:CjnDlHq8ikf6E492q6eKboGOC0T8CDaOvkHCIg8idEI=
github.com/go-logr/logr v1.4.3/go.mod h1:9T104GzyrTigFIr8wt5mBrctHMim0Nb2HLGrmQ40KvY=
github.com/go-logr/zapr v1.3.0 h1:XGdV8XW8zdwFiwOA2Dryh1gj2KRQyOOoNmBy4EplIcQ=
github.com/go-logr/zapr v1.3.0/go.mod h1:YKepepNBd1u/oyhd/yQmtjVXmm9uML4IXUgMOwR8/Gg=
github.com/go-openapi/jsonpointer v0.21.0 h1:YgdVicSA9vH5RiHs9TZW5oyafXZFc6+2Vc1rr/O9oNQ=
github.com/go-openapi/jsonpointer v0.21.0/go.mod h1:IUyH9l/+uyhIYQ/PXVA41Rexl+kOkAPDdXEYns6fzUY=
github.com/go-openapi/jsonreference v0.21.0 h1:Rs+Y7hSXT83Jacb7kFyjn4ijOuVGSvOdF2+tg1TRrwQ=
github.com/go-openapi/jsonreference v0.21.0/go.mod h1:LmZmgsrTkVg9LG4EaHeY8cBDslNPMo06cago5JNLkm4=
github.com/go-openapi/swag v0.23.0 h1:vsEVJDUo2hPJ2tu0/Xc+4noaxyEffXNIs3cOULZ+GrE=
github.com/go-openapi/swag v0.23.0/go.mod h1:esZ8ITTYEsH1V2trKHjAN8Ai7xHb8RV+YSZ577vPjgQ=
github.com/go-playground/assert/v2 v2.2.0 h1:JvknZsQTYeFEAhQwI4qEt9cyV5ONwRHC+lYKSsYSR8s=
github.com/go-playground/assert/v2 v2.2.0/go.mod h1:VDjEfimB/XKnb+ZQfWdccd7VUvScMdVu0Titje2rxJ4=
github.com/go-playground/locales v0.14.1 h1:EWaQ/wswjilfKLTECiXz7Rh+3BjFhfDFKv/oXslEjJA=
github.com/go-playground/locales v0.14.1/go.mod h1:hxrqLVvrK65+Rwrd5Fc6F2O76J/NuW9t0sjnWqG1slY=
github.com/go-playground/universal-translator v0.18.1 h1:Bcnm0ZwsGyWbCzImXv+pAJnYK9S473LQFuzCbDbfSFY=
github.com/go-playground/universal-translator v0.18.1/go.mod h1:xekY+UJKNuX9WP91TpwSH2VMlDf28Uj24BCp08ZFTUY=
github.com/go-playground/validator/v10 v10.25.0 h1:5Dh7cjvzR7BRZadnsVOzPhWsrwUr0nmsZJxEAnFLNO8=
github.com/go-playground/validator/v10 v10.25.0/go.mod h1:GGzBIJMuE98Ic/kJsBXbz1x/7cByt++cQ+YOuDM5wus=
github.com/go-task/slim-sprig/v3 v3.0.0 h1:sUs3vkvUymDpBKi3qH1YSqBQk9+9D/8M2mN1vB6EwHI=
github.com/go-task/slim-sprig/v3 v3.0.0/go.mod h1:W848ghGpv3Qj3dhTPRyJypKRiqCdHZiAzKg9hl15HA8=
github.com/gogo/protobuf v1.3.2 h1:Ov1cvc58UF3b5XjBnZv7+opcTcQFZebYjWzi34vdm4Q=
github.com/gogo/protobuf v1.3.2/go.mod h1:P1XiOD3dCwIKUDQYPy72D8LYyHL2YPYrpS2s69NZV8Q=
github.com/golang/groupcache v0.0.0-20210331224755-41bb18bfe9da h1:oI5xCqsCo564l8iNU+DwB5epxmsaqB+rhGL0m5jtYqE=
github.com/golang/groupcache v0.0.0-20210331224755-41bb18bfe9da/go.mod h1:cIg4eruTrX1D+g88fzRXU5OdNfaM+9IcxsU14FzY7Hc=
github.com/golang/protobuf v1.5.0/go.mod h1:FsONVRAS9T7sI+LIUmWTfcYkHO4aIWwzhcaSAoJOfIk=
github.com/golang/protobuf v1.5.2/go.mod h1:XVQd3VNwM+JqD3oG2Ue2ip4fOMUkwXdXDdiuN0vRsmY=
github.com/golang/protobuf v1.5.4 h1:i7eJL8qZTpSEXOPTxNKhASYpMn+8e5Q6AdndVa1dWek=
github.com/golang/protobuf v1.5.4/go.mod h1:lnTiLA8Wa4RWRcIUkrtSVa5nRhsEGBg48fD6rSs7xps=
github.com/google/gnostic-models v0.6.9-0.20230804172637-c7be7c783f49 h1:0VpGH+cDhbDtdcweoyCVsF3fhN8kejK6rFe/2FFX2nU=
github.com/google/gnostic-models v0.6.9-0.20230804172637-c7be7c783f49/go.mod h1:BkkQ4L1KS1xMt2aWSPStnn55ChGC0DPOn2FQYj+f25M=
github.com/google/go-cmp v0.5.5/go.mod h1:v8dTdLbMG2kIc/vJvl+f65V22dbkXbowE6jgT/gNBxE=
github.com/google/go-cmp v0.5.9/go.mod h1:17dUlkBOakJ0+DkrSSNjCkIjxS6bF9zb3elmeNGIjoY=
github.com/google/go-cmp v0.7.0 h1:wk8382ETsv4JYUZwIsn6YpYiWiBsYLSJiTsyBybVuN8=
github.com/google/go-cmp v0.7.0/go.mod h1:pXiqmnSA92OHEEa9HXL2W4E7lf9JzCmGVUdgjX3N/iU=
github.com/google/gofuzz v1.0.0/go.mod h1:dBl0BpW6vV/+mYPU4Po3pmUjxk6FQPldtuIdl/M65Eg=
github.com/google/gofuzz v1.2.0 h1:xRy4A+RhZaiKjJ1bPfwQ8sedCA+YS2YcCHW6ec7JMi0=
github.com/google/gofuzz v1.2.0/go.mod h1:dBl0BpW6vV/+mYPU4Po3pmUjxk6FQPldtuIdl/M65Eg=
github.com/google/pprof v0.0.0-20240727154555-813a5fbdbec8 h1:FKHo8hFI3A+7w0aUQuYXQ+6EN5stWmeY/AZqtM8xk9k=
github.com/google/pprof v0.0.0-20240727154555-813a5fbdbec8/go.mod h1:K1liHPHnj73Fdn/EKuT8nrFqBihUSKXoLYU0BuatOYo=
github.com/google/uuid v1.6.0 h1:NIvaJDMOsjHA8n1jAhLSgzrAzy1Hgr+hNrb57e+94F0=
github.com/google/uuid v1.6.0/go.mod h1:TIyPZe4MgqvfeYDBFedMoGGpEw/LqOeaOT+nhxU+yHo=
github.com/gophercloud/gophercloud v1.14.1 h1:DTCNaTVGl8/cFu58O1JwWgis9gtISAFONqpMKNg/Vpw=
github.com/gophercloud/gophercloud v1.14.1/go.mod h1:aAVqcocTSXh2vYFZ1JTvx4EQmfgzxRcNupUfxZbBNDM=
github.com/iancoleman/strcase v0.3.0 h1:nTXanmYxhfFAMjZL34Ov6gkzEsSJZ5DbhxWjvSASxEI=
github.com/iancoleman/strcase v0.3.0/go.mod h1:iwCmte+B7n89clKwxIoIXy/HfoL7AsD47ZCWhYzw7ho=
github.com/imdario/mergo v0.3.16 h1:wwQJbIsHYGMUyLSPrEq1CT16AhnhNJQ51+4fdHUnCl4=
github.com/imdario/mergo v0.3.16/go.mod h1:WBLT9ZmE3lPoWsEzCh9LPo3TiwVN+ZKEjmz+hD27ysY=
github.com/josharian/intern v1.0.0 h1:vlS4z54oSdjm0bgjRigI+G1HpF+tI+9rE5LLzOg8HmY=
github.com/josharian/intern v1.0.0/go.mod h1:5DoeVV0s6jJacbCEi61lwdGj/aVlrQvzHFFd8Hwg//Y=
github.com/json-iterator/go v1.1.12 h1:PV8peI4a0ysnczrg+LtxykD8LfKY9ML6u2jnxaEnrnM=
github.com/json-iterator/go v1.1.12/go.mod h1:e30LSqwooZae/UwlEbR2852Gd8hjQvJoHmT4TnhNGBo=
github.com/k8snetworkplumbingwg/network-attachment-definition-client v1.7.7 h1:z4P744DR+PIpkjwXSEc6TvN3L6LVzmUquFgmNm8wSUc=
github.com/k8snetworkplumbingwg/network-attachment-definition-client v1.7.7/go.mod h1:CM7HAH5PNuIsqjMN0fGc1ydM74Uj+0VZFhob620nklw=
github.com/kisielk/errcheck v1.5.0/go.mod h1:pFxgyoBC7bSaBwPgfKdkLd5X25qrDl4LWUI2bnpBCr8=
github.com/kisielk/gotool v1.0.0/go.mod h1:XhKaO+MFFWcvkIS/tQcRk01m1F5IRFswLeQ+oQHNcck=
github.com/kr/pretty v0.3.1 h1:flRD4NNwYAUpkphVc1HcthR4KEIFJ65n8Mw5qdRn3LE=
github.com/kr/pretty v0.3.1/go.mod h1:hoEshYVHaxMs3cyo3Yncou5ZscifuDolrwPKZanG3xk=
github.com/kr/text v0.2.0 h1:5Nx0Ya0ZqY2ygV366QzturHI13Jq95ApcVaJBhpS+AY=
github.com/kr/text v0.2.0/go.mod h1:eLer722TekiGuMkidMxC/pM04lWEeraHUUmBw8l2grE=
github.com/leodido/go-urn v1.4.0 h1:WT9HwE9SGECu3lg4d/dIA+jxlljEa1/ffXKmRjqdmIQ=
github.com/leodido/go-urn v1.4.0/go.mod h1:bvxc+MVxLKB4z00jd1z+Dvzr47oO32F/QSNjSBOlFxI=
github.com/mailru/easyjson v0.7.7 h1:UGYAvKxe3sBsEDzO8ZeWOSlIQfWFlxbzLZe7hwFURr0=
github.com/mailru/easyjson v0.7.7/go.mod h1:xzfreul335JAWq5oZzymOObrkdz5UnU4kGfJJLY9Nlc=
github.com/metal3-io/baremetal-operator/apis v0.6.3 h1:0HB0Nkz3PZFf1An9MxqyOfjgBztzihTSb4j3EPt8j88=
github.com/metal3-io/baremetal-operator/apis v0.6.3/go.mod h1:G7ZbZqrASbIDpHXB2Zu3KaCNaRasnB/sOt6ewgDSrMA=
github.com/metal3-io/baremetal-operator/pkg/hardwareutils v0.5.1 h1:X0+MWsJ+Gj/TAkmhGybvesvxk6zQKu3NQXzvC6l0iJs=
github.com/metal3-io/baremetal-operator/pkg/hardwareutils v0.5.1/go.mod h1:399nvdaqoU9rTI25UdFw2EWcVjmJPpeZPIhfDAIx/XU=
github.com/modern-go/concurrent v0.0.0-20180228061459-e0a39a4cb421/go.mod h1:6dJC0mAP4ikYIbvyc7fijjWJddQyLn8Ig3JB5CqoB9Q=
github.com/modern-go/concurrent v0.0.0-20180306012644-bacd9c7ef1dd h1:TRLaZ9cD/w8PVh93nsPXa1VrQ6jlwL5oN8l14QlcNfg=
github.com/modern-go/concurrent v0.0.0-20180306012644-bacd9c7ef1dd/go.mod h1:6dJC0mAP4ikYIbvyc7fijjWJddQyLn8Ig3JB5CqoB9Q=
github.com/modern-go/reflect2 v1.0.2 h1:xBagoLtFs94CBntxluKeaWgTMpvLxC4ur3nMaC9Gz0M=
github.com/modern-go/reflect2 v1.0.2/go.mod h1:yWuevngMOJpCy52FWWMvUC8ws7m/LJsjYzDa0/r8luk=
github.com/munnerz/goautoneg v0.0.0-20191010083416-a7dc8b61c822 h1:C3w9PqII01/Oq1c1nUAm88MOHcQC9l5mIlSMApZMrHA=
github.com/munnerz/goautoneg v0.0.0-20191010083416-a7dc8b61c822/go.mod h1:+n7T8mK8HuQTcFwEeznm/DIxMOiR9yIdICNftLE1DvQ=
github.com/onsi/ginkgo/v2 v2.20.1 h1:YlVIbqct+ZmnEph770q9Q7NVAz4wwIiVNahee6JyUzo=
github.com/onsi/ginkgo/v2 v2.20.1/go.mod h1:lG9ey2Z29hR41WMVthyJBGUBcBhGOtoPF2VFMvBXFCI=
github.com/onsi/gomega v1.34.1 h1:EUMJIKUjM8sKjYbtxQI9A4z2o+rruxnzNvpknOXie6k=
github.com/onsi/gomega v1.34.1/go.mod h1:kU1QgUvBDLXBJq618Xvm2LUX6rSAfRaFRTcdOeDLwwY=
github.com/openshift/api v0.0.0-20240830023148-b7d0481c9094 h1:J1wuGhVxpsHykZBa6Beb1gQ96Ptej9AE/BvwCBiRj1E=
github.com/openshift/api v0.0.0-20240830023148-b7d0481c9094/go.mod h1:CxgbWAlvu2iQB0UmKTtRu1YfepRg1/vJ64n2DlIEVz4=
github.com/openstack-k8s-operators/barbican-operator/api v0.6.1-0.20250811081936-b924833273de h1:f7HEaW+gGg3NmqkQkrn+BHGmakBjbIH7c3cBNcQ+GwA=
github.com/openstack-k8s-operators/barbican-operator/api v0.6.1-0.20250811081936-b924833273de/go.mod h1:aa2AbkwPEzpt+DtUWNuVrC7noeaII18s9Z4qwSMiC/4=
github.com/openstack-k8s-operators/cinder-operator/api v0.6.1-0.20250811072039-c7a3c10d2a4d h1:nY8Ze2SNE7d3jPhACkBhnfdT+M3ZMW/G99QeIA0RHzM=
github.com/openstack-k8s-operators/cinder-operator/api v0.6.1-0.20250811072039-c7a3c10d2a4d/go.mod h1:FITUUgQjsTNSE2osu9QiJFK/FDdaUi/VCUzkwUWRx1s=
github.com/openstack-k8s-operators/designate-operator/api v0.6.1-0.20250811072040-b2d983cbfb16 h1:3tqO47OwupPfyRUb5ODYg17qnUpFipr1HhKC65lPxVU=
github.com/openstack-k8s-operators/designate-operator/api v0.6.1-0.20250811072040-b2d983cbfb16/go.mod h1:amMJEmeN43EHhGAuj1VOBUxVTw0XJrm/1BTbay3hUTg=
github.com/openstack-k8s-operators/glance-operator/api v0.6.1-0.20250814060741-0c7a610650fc h1:/jmSBbHLSyyTn1jEVonXZiAfvlgz+ZaYZAZ4coI/u2M=
github.com/openstack-k8s-operators/glance-operator/api v0.6.1-0.20250814060741-0c7a610650fc/go.mod h1:n3hOXIMQR76ZQlCj93g9+ld/ZvvqHGPPwes2fdqbkic=
github.com/openstack-k8s-operators/heat-operator/api v0.6.1-0.20250811080827-7f14ec4286df h1:U4XrC71spLWx5je+z+AXdBFBPjyEcqEFiqoi7cGSg58=
github.com/openstack-k8s-operators/heat-operator/api v0.6.1-0.20250811080827-7f14ec4286df/go.mod h1:y16BCG7hNokhES49d9CX7l8jtIl8Mw91J7y0YA0tLdY=
github.com/openstack-k8s-operators/horizon-operator/api v0.6.1-0.20250811063920-532e7d0773d4 h1:1VUcIKfRa1Kx2rSF1NnuKV/UJiI4wciW/zVqPy/HnIY=
github.com/openstack-k8s-operators/horizon-operator/api v0.6.1-0.20250811063920-532e7d0773d4/go.mod h1:qQskPomQnfNqHtxLQ8Y/CJhCJHFIsWU4KEGFuV8uwQU=
github.com/openstack-k8s-operators/infra-operator/apis v0.6.1-0.20250813063935-fdc20530dcf1 h1:77TRnwfSxNI5cn/RxMS9I+kqefMm7XRQsNknIhEE4tg=
github.com/openstack-k8s-operators/infra-operator/apis v0.6.1-0.20250813063935-fdc20530dcf1/go.mod h1:Dv8qpmBIQy3Jv/EyQnOyc0w61X8vyfxpjcIQONP5CwY=
github.com/openstack-k8s-operators/ironic-operator/api v0.6.1-0.20250815193050-feadf3472002 h1:B00JghiduA2ItmtptItSRYhCxysT0aIkDaWQyGRpUno=
github.com/openstack-k8s-operators/ironic-operator/api v0.6.1-0.20250815193050-feadf3472002/go.mod h1:B6LsM/f4MHzgoEOH2lQrEPyG5F3gmbhz4IyaUOAgj2o=
github.com/openstack-k8s-operators/keystone-operator/api v0.6.1-0.20250811083324-e790d63f389f h1:Ivo4YKaH26B1lQlwKcolELCRGtEbmvbfJShBTVrCdQI=
github.com/openstack-k8s-operators/keystone-operator/api v0.6.1-0.20250811083324-e790d63f389f/go.mod h1:H5iZOohoVOmZvIZPR5ep6z+jmfrpz25axOM6IXlXzNU=
github.com/openstack-k8s-operators/lib-common/modules/ansible v0.6.1-0.20250730071847-837b07f8d72f h1:7w9WseH9LSKnLX3UW1AfWPaozN7fimdVoUtOYHnsQKY=
github.com/openstack-k8s-operators/lib-common/modules/certmanager v0.6.1-0.20250730071847-837b07f8d72f h1:1T8716FlCs3wokHLL6jo7iYuMZfEdtTghvdFIjkmJhE=
github.com/openstack-k8s-operators/lib-common/modules/common v0.6.1-0.20250730071847-837b07f8d72f h1:DW8aNjEtDFrWiZ6vWuOXwdRB4eBD0n+bA9foQkOEx6U=
github.com/openstack-k8s-operators/lib-common/modules/openstack v0.6.1-0.20250730071847-837b07f8d72f h1:nGYLHcpM7EjiSzN4bmiLZbxty9u0k0Qzvkqn+1s1TF0=
github.com/openstack-k8s-operators/lib-common/modules/storage v0.6.1-0.20250730071847-837b07f8d72f h1:/e/jQu3GThcystmZFyzlQq6nOKpORQq84HhcbkKxAq4=
github.com/openstack-k8s-operators/lib-common/modules/test v0.6.1-0.20250730071847-837b07f8d72f h1:r4WiIm2JdcSY7RTWsv008d45bwQl3qTfjd4B2k2fpL0=
github.com/openstack-k8s-operators/lib-common/modules/test v0.6.1-0.20250730071847-837b07f8d72f/go.mod h1:L3t8ty8BYur+yQC4EbxolVOU85A62oxODM5rMApOwfc=
github.com/openstack-k8s-operators/manila-operator/api v0.6.1-0.20250811082751-434506f532d6 h1:r0NasBU3ot4WLUARghoX5VYBHxR/oes1ofr5hsC/lLE=
github.com/openstack-k8s-operators/manila-operator/api v0.6.1-0.20250811082751-434506f532d6/go.mod h1:Jz0Mc8kENP7ykzxqSor2+VR49GbZ1NYRR0MBythAxQE=
github.com/openstack-k8s-operators/mariadb-operator/api v0.6.1-0.20250811132527-8b60a24b4cd5 h1:d5qBLB++/P71Q65KdufpepQS7HjvoWlC5QKRsYLHF+s=
github.com/openstack-k8s-operators/mariadb-operator/api v0.6.1-0.20250811132527-8b60a24b4cd5/go.mod h1:0dWVKC1svlk2h+vyJGlKDcwgq4yJaovKXBhGZNi5tQ0=
github.com/openstack-k8s-operators/neutron-operator/api v0.6.1-0.20250811081638-ad2aa6263eb2 h1:pnvSi8qEmnHJoIVvaQ4iepaP4+9FVpz1pYmUWnFrV1g=
github.com/openstack-k8s-operators/neutron-operator/api v0.6.1-0.20250811081638-ad2aa6263eb2/go.mod h1:9lXzkXXIlTeZ/Tm0O0tAwjhvHnOY0Y451MWQMzvUvik=
github.com/openstack-k8s-operators/nova-operator/api v0.6.1-0.20250811132528-e890fbdf8726 h1:6UebstSWM0rBRTeCk2R505GuKebO/24kd9dRkHT58KI=
github.com/openstack-k8s-operators/nova-operator/api v0.6.1-0.20250811132528-e890fbdf8726/go.mod h1:q2yWzcUnY7TJjJnpC7cds5f/c/9um6p2HV6rMWJMBhM=
github.com/openstack-k8s-operators/octavia-operator/api v0.6.1-0.20250811132816-395cc3f32494 h1:duVVlu8m77wLrz5z8tb5ARn/yp3b3f+VstDzkjaBKlw=
github.com/openstack-k8s-operators/octavia-operator/api v0.6.1-0.20250811132816-395cc3f32494/go.mod h1:kWC1tu28WMErEU8PtMyhEUMqC1BGT0+VmMyuFTeR/Tk=
github.com/openstack-k8s-operators/openstack-baremetal-operator/api v0.6.1-0.20250811072630-c2b6e30af3a1 h1:rgZEgrgk9gRGhWdvDNEgzDgtfHp4leZaHMzya4bZXDU=
github.com/openstack-k8s-operators/openstack-baremetal-operator/api v0.6.1-0.20250811072630-c2b6e30af3a1/go.mod h1:15x01xs3dolD9G/X+V3kW2EsE4a6/Z/hFgJHcN3Yg9Y=
github.com/openstack-k8s-operators/ovn-operator/api v0.6.1-0.20250811132819-b267d3671d1f h1:p/LpkWcRpFsrUxgqw4v9iuSNJ1+dD+buPS4OAmagAOc=
github.com/openstack-k8s-operators/ovn-operator/api v0.6.1-0.20250811132819-b267d3671d1f/go.mod h1:YWZ2qLvvqsgIcHQsJT9+tdC1r7OfdcNIJnJbU4Ddxj4=
github.com/openstack-k8s-operators/placement-operator/api v0.6.1-0.20250811072922-3ada315d8eef h1:/z0xPP6BdaJJu/0qIH9kpuFELqiNAkp53laelyy8e6I=
github.com/openstack-k8s-operators/placement-operator/api v0.6.1-0.20250811072922-3ada315d8eef/go.mod h1:8ssUFKkbxaSxMCVjCut4zz8/qZAtLgiKg3TnojFCxks=
github.com/openstack-k8s-operators/rabbitmq-cluster-operator/v2 v2.6.1-0.20250717122149-12f70b7f3d8d h1:0KCWljk2IEJ+aWNK+RiGpIdu51KPXrYA5RfyUcV4Mb4=
github.com/openstack-k8s-operators/rabbitmq-cluster-operator/v2 v2.6.1-0.20250717122149-12f70b7f3d8d/go.mod h1:6Mq2N/KtNFW20L+PQC5qkeK8R8UGadmGBXL8HDY6lcg=
github.com/openstack-k8s-operators/swift-operator/api v0.6.1-0.20250811072921-e4cdf967663d h1:5We3OBi/MDIKHUYjymKkkagZO3fbSq2wl/xZtO9vrYY=
github.com/openstack-k8s-operators/swift-operator/api v0.6.1-0.20250811072921-e4cdf967663d/go.mod h1:X0AEtgdp0BrJP1gQF6XPnEmHuiT0w4DLS4E5b6a5+p8=
github.com/openstack-k8s-operators/telemetry-operator/api v0.6.1-0.20250811132820-f9e60d64606b h1:V53VdKs+lAmMthD72ZcG3nSHarV2c9hQQEa/GkqzanE=
github.com/openstack-k8s-operators/telemetry-operator/api v0.6.1-0.20250811132820-f9e60d64606b/go.mod h1:NCdKScqPahUHJvlT26Gbe7J/KGbtC3oS/TH2QKos5sk=
github.com/openstack-k8s-operators/test-operator/api v0.6.1-0.20250813095803-cef303decff5 h1:vyQjGl2TNerWjEkTfDvDDXSQtCj6kl5xIb1MWbsCsHo=
github.com/openstack-k8s-operators/test-operator/api v0.6.1-0.20250813095803-cef303decff5/go.mod h1:OBCuMqgXP1ZFxna7S+tUC5UNazUuqoZtwonkjYXiobw=
github.com/openstack-k8s-operators/watcher-operator/api v0.6.1-0.20250814062147-d38ac9ce26f7 h1:73YlXTV83wD+/yZJUO2EV5Spbpp4KSPVgCDTcf8gF8c=
github.com/openstack-k8s-operators/watcher-operator/api v0.6.1-0.20250814062147-d38ac9ce26f7/go.mod h1:0dfIEUg3uH43RfQde1Y3Ba2so/twMOYi0HP4/HOMloQ=
github.com/pkg/errors v0.9.1 h1:FEBLx1zS214owpjy7qsBeixbURkuhQAwrK5UwLGTwt4=
github.com/pmezard/go-difflib v1.0.1-0.20181226105442-5d4384ee4fb2 h1:Jamvg5psRIccs7FGNTlIRMkT8wgtp5eCXdBlqhYGL6U=
github.com/prometheus/client_golang v1.19.0 h1:ygXvpU1AoN1MhdzckN+PyD9QJOSD4x7kmXYlnfbA6JU=
github.com/prometheus/client_model v0.6.0 h1:k1v3CzpSRUTrKMppY35TLwPvxHqBu0bYgxZzqGIgaos=
github.com/prometheus/common v0.53.0 h1:U2pL9w9nmJwJDa4qqLQ3ZaePJ6ZTwt7cMD3AG3+aLCE=
github.com/prometheus/procfs v0.13.0 h1:GqzLlQyfsPbaEHaQkO7tbDlriv/4o5Hudv6OXHGKX7o=
github.com/rhobs/obo-prometheus-operator/pkg/apis/monitoring v0.71.0-rhobs1 h1:NBdZFQUVKllUnmh6suuH02+K8VS8ibErnOhxNiH+aio=
github.com/rhobs/observability-operator v0.3.1 h1:vVGCt/a7Ds5VeqikaKZJz18oOPV9p4YUaezlVlwdpIM=
github.com/robfig/cron/v3 v3.0.1 h1:WdRxkvbJztn8LMz/QEvLN5sBU+xKpSqwwUO1Pjr4qDs=
github.com/rogpeppe/go-internal v1.12.0 h1:exVL4IDcn6na9z1rAb56Vxr+CgyK3nn3O+epU5NdKM8=
github.com/spf13/pflag v1.0.6 h1:jFzHGLGAlb3ruxLB8MhbI6A8+AQX/2eW4qeyNZXNp2o=
github.com/stretchr/testify v1.10.0 h1:Xv5erBjTwe/5IxqUQTdXv5kgmIvbHo3QQyRwhJsOfJA=
go.uber.org/goleak v1.3.0 h1:2K3zAYmnTNqV73imy9J1T3WC+gmCePx2hEGkimedGto=
go.uber.org/multierr v1.11.0 h1:blXXJkSxSSfBVBlC76pxqeO+LN3aDfLQo+309xJstO0=
go.uber.org/zap v1.27.0 h1:aJMhYGrd5QSmlpLMr2MftRKl7t8J8PTZPA732ud/XR8=
golang.org/x/crypto v0.33.0 h1:IOBPskki6Lysi0lo9qQvbxiQ+FvsCC/YWOecCHAixus=
golang.org/x/exp v0.0.0-20240719175910-8a7402abbf56 h1:2dVuKD2vS7b0QIHQbpyTISPd0LeHDbnYEryqj5Q1ug8=
golang.org/x/mod v0.20.0 h1:utOm6MM3R3dnawAiJgn0y+xvuYRsm1RKM/4giyfDgV0=
golang.org/x/net v0.34.0 h1:Mb7Mrk043xzHgnRM88suvJFwzVrRfHEHJEl5/71CKw0=
golang.org/x/oauth2 v0.18.0 h1:09qnuIAgzdx1XplqJvW6CQqMCtGZykZWcXzPMPUusvI=
golang.org/x/sys v0.30.0 h1:QjkSwP/36a20jFYWkSue1YwXzLmsV5Gfq7Eiy72C1uc=
golang.org/x/term v0.29.0 h1:L6pJp37ocefwRRtYPKSWOWzOtWSxVajvz2ldH/xi3iU=
golang.org/x/text v0.22.0 h1:bofq7m3/HAFvbF51jz3Q9wLg3jkvSPuiZu/pD1XwgtM=
golang.org/x/time v0.5.0 h1:o7cqy6amK/52YcAKIPlM3a+Fpj35zvRj2TP+e1xFSfk=
golang.org/x/tools v0.24.0 h1:J1shsA93PJUEVaUSaay7UXAyE8aimq3GW0pjlolpa24=
gomodules.xyz/jsonpatch/v2 v2.4.0 h1:Ci3iUJyx9UeRx7CeFN8ARgGbkESwJK+KB9lLcWxY/Zw=
google.golang.org/appengine v1.6.8 h1:IhEN5q69dyKagZPYMSdIjS2HqprW324FRQZJcGqPAsM=
google.golang.org/protobuf v1.34.1 h1:9ddQBjfCyZPOHPUiPxpYESBLc+T8P3E+Vo4IbKZgFWg=
gopkg.in/check.v1 v1.0.0-20201130134442-10cb98267c6c h1:Hei/4ADfdWqJk1ZMxUNpqntNwaWcugrBjAiHlqqRiVk=
gopkg.in/inf.v0 v0.9.1 h1:73M5CoZyi3ZLMOyDlQh031Cx6N9NDJ2Vvfl76EDAgDc=
gopkg.in/yaml.v2 v2.4.0 h1:D8xgwECY7CYvx+Y2n4sBz93Jn9JRvxdiyyo8CTfuKaY=
gopkg.in/yaml.v3 v3.0.1 h1:fxVm/GzAzEWqLHuvctI91KS9hhNmmWOoWu0XTYJS7CA=
k8s.io/api v0.29.15 h1:QxPcAheYujeBwkdiE0vMyKkAtqUq5YNyXVqimT+me44=
k8s.io/apiextensions-apiserver v0.29.15 h1:XI5axgsWqMlIIgpHbcz5vPjk06i3ibHv5FUdSfdtQLU=
k8s.io/apimachinery v0.29.15 h1:aLc0wghElkdnTO7TMVTxTrifoXah1lqRL8s6szDHGbg=
k8s.io/client-go v0.29.15 h1:zCBOXKCtz9Hl8boKUGs8zbtZEP6pc7O8Ov3ma+gnS6o=
k8s.io/component-base v0.29.15 h1:CvmXXTDyk43FDaiJ/Rp+yWFjw6hkUI2t7mIJUrK5j00=
k8s.io/klog/v2 v2.120.1 h1:QXU6cPEOIslTGvZaXvFWiP9VKyeet3sawzTOvdXb4Vw=
k8s.io/kube-openapi v0.0.0-20240322212309-b815d8309940 h1:qVoMaQV5t62UUvHe16Q3eb2c5HPzLHYzsi0Tu/xLndo=
k8s.io/utils v0.0.0-20240711033017-18e509b52bc8 h1:pUdcCO1Lk/tbT5ztQWOBi5HBgbBP1J8+AsQnQCKsi8A=
sigs.k8s.io/controller-runtime v0.17.6 h1:12IXsozEsIXWAMRpgRlYS1jjAHQXHtWEOMdULh3DbEw=
sigs.k8s.io/gateway-api v1.0.0 h1:iPTStSv41+d9p0xFydll6d7f7MOBGuqXM6p2/zVYMAs=
sigs.k8s.io/json v0.0.0-20221116044647-bc3834ca7abd h1:EDPBXCAspyGV4jQlpZSudPeMmr1bNJefnuqLsRAsHZo=
sigs.k8s.io/structured-merge-diff/v4 v4.4.1 h1:150L+0vs/8DA78h1u02ooW1/fFq/Lwr+sGiqlzvrtq4=
sigs.k8s.io/yaml v1.4.0 h1:Mk1wCc2gy/F0THH0TAp1QYyJNzRm2KCLy3o5ASXVI5E=
