github.com/beorn7/perks v1.0.1 h1:VlbKKnNfV8bJzeqoa4cOKqO6bYr3WgKZxO8Z16+hsOM=
github.com/beorn7/perks v1.0.1/go.mod h1:G2ZrVWU2WbWT9wwq4/hrbKbnv/1ERSJQ0ibhJ6rlkpw=
github.com/cert-manager/cert-manager v1.13.6 h1:yngKM4ZQoyFQ3LGHTx95fWqyiNJP11UM5PWq7pAr3T0=
github.com/cert-manager/cert-manager v1.13.6/go.mod h1:iWFePja8XKEl+Dv1kZtwPshT8D0SmC4Hyu5Qc5KS0tM=
github.com/cespare/xxhash/v2 v2.2.0 h1:DC2CZ1Ep5Y4k3ZQ899DldepgrayRUGE6BBZ/cd9Cj44=
github.com/cespare/xxhash/v2 v2.2.0/go.mod h1:VGX0DQ3Q6kWi7AoAeZDth3/j3BFtOZR5XLFGgcrjCOs=
github.com/davecgh/go-spew v1.1.0/go.mod h1:J7Y8YcW2NihsgmVo/mv3lAwl/skON4iLHjSsI+c5H38=
github.com/davecgh/go-spew v1.1.1/go.mod h1:J7Y8YcW2NihsgmVo/mv3lAwl/skON4iLHjSsI+c5H38=
github.com/davecgh/go-spew v1.1.2-0.20180830191138-d8f796af33cc h1:U9qPSI2PIWSS1VwoXQT9A3Wy9MM3WgvqSxFWenqJduM=
github.com/davecgh/go-spew v1.1.2-0.20180830191138-d8f796af33cc/go.mod h1:J7Y8YcW2NihsgmVo/mv3lAwl/skON4iLHjSsI+c5H38=
github.com/emicklei/go-restful/v3 v3.11.2 h1:1onLa9DcsMYO9P+CXaL0dStDqQ2EHHXLiz+BtnqkLAU=
github.com/emicklei/go-restful/v3 v3.11.2/go.mod h1:6n3XBCmQQb25CM2LCACGz8ukIrRry+4bhvbpWn3mrbc=
github.com/evanphx/json-patch v5.7.0+incompatible h1:vgGkfT/9f8zE6tvSCe74nfpAVDQ2tG6yudJd8LBksgI=
github.com/evanphx/json-patch/v5 v5.9.0 h1:kcBlZQbplgElYIlo/n1hJbls2z/1awpXxpRi0/FOJfg=
github.com/evanphx/json-patch/v5 v5.9.0/go.mod h1:VNkHZ/282BpEyt/tObQO8s5CMPmYYq14uClGH4abBuQ=
github.com/fsnotify/fsnotify v1.7.0 h1:8JEhPFa5W2WU7YfeZzPNqzMP6Lwt7L2715Ggo0nosvA=
github.com/fsnotify/fsnotify v1.7.0/go.mod h1:40Bi/Hjc2AVfZrqy+aj+yEI+/bRxZnMJyTJwOpGvigM=
github.com/gabriel-vasile/mimetype v1.4.3 h1:in2uUcidCuFcDKtdcBxlR0rJ1+fsokWf+uqxgUFjbI0=
github.com/gabriel-vasile/mimetype v1.4.3/go.mod h1:d8uq/6HKRL6CGdk+aubisF/M5GcPfT7nKyLpA0lbSSk=
github.com/go-logr/logr v1.4.2 h1:6pFjapn8bFcIbiKo3XT4j/BhANplGihG6tvd+8rYgrY=
github.com/go-logr/logr v1.4.2/go.mod h1:9T104GzyrTigFIr8wt5mBrctHMim0Nb2HLGrmQ40KvY=
github.com/go-logr/zapr v1.3.0 h1:XGdV8XW8zdwFiwOA2Dryh1gj2KRQyOOoNmBy4EplIcQ=
github.com/go-logr/zapr v1.3.0/go.mod h1:YKepepNBd1u/oyhd/yQmtjVXmm9uML4IXUgMOwR8/Gg=
github.com/go-openapi/jsonpointer v0.20.2 h1:mQc3nmndL8ZBzStEo3JYF8wzmeWffDH4VbXz58sAx6Q=
github.com/go-openapi/jsonpointer v0.20.2/go.mod h1:bHen+N0u1KEO3YlmqOjTT9Adn1RfD91Ar825/PuiRVs=
github.com/go-openapi/jsonreference v0.20.4 h1:bKlDxQxQJgwpUSgOENiMPzCTBVuc7vTdXSSgNeAhojU=
github.com/go-openapi/jsonreference v0.20.4/go.mod h1:5pZJyJP2MnYCpoeoMAql78cCHauHj0V9Lhc506VOpw4=
github.com/go-openapi/swag v0.22.9 h1:XX2DssF+mQKM2DHsbgZK74y/zj4mo9I99+89xUmuZCE=
github.com/go-openapi/swag v0.22.9/go.mod h1:3/OXnFfnMAwBD099SwYRk7GD3xOrr1iL7d/XNLXVVwE=
github.com/go-playground/assert/v2 v2.2.0 h1:JvknZsQTYeFEAhQwI4qEt9cyV5ONwRHC+lYKSsYSR8s=
github.com/go-playground/locales v0.14.1 h1:EWaQ/wswjilfKLTECiXz7Rh+3BjFhfDFKv/oXslEjJA=
github.com/go-playground/locales v0.14.1/go.mod h1:hxrqLVvrK65+Rwrd5Fc6F2O76J/NuW9t0sjnWqG1slY=
github.com/go-playground/universal-translator v0.18.1 h1:Bcnm0ZwsGyWbCzImXv+pAJnYK9S473LQFuzCbDbfSFY=
github.com/go-playground/universal-translator v0.18.1/go.mod h1:xekY+UJKNuX9WP91TpwSH2VMlDf28Uj24BCp08ZFTUY=
github.com/go-playground/validator/v10 v10.22.0 h1:k6HsTZ0sTnROkhS//R0O+55JgM8C4Bx7ia+JlgcnOao=
github.com/go-playground/validator/v10 v10.22.0/go.mod h1:dbuPbCMFw/DrkbEynArYaCwl3amGuJotoKCe95atGMM=
github.com/go-task/slim-sprig/v3 v3.0.0 h1:sUs3vkvUymDpBKi3qH1YSqBQk9+9D/8M2mN1vB6EwHI=
github.com/go-task/slim-sprig/v3 v3.0.0/go.mod h1:W848ghGpv3Qj3dhTPRyJypKRiqCdHZiAzKg9hl15HA8=
github.com/gogo/protobuf v1.3.2 h1:Ov1cvc58UF3b5XjBnZv7+opcTcQFZebYjWzi34vdm4Q=
github.com/gogo/protobuf v1.3.2/go.mod h1:P1XiOD3dCwIKUDQYPy72D8LYyHL2YPYrpS2s69NZV8Q=
github.com/golang/groupcache v0.0.0-20210331224755-41bb18bfe9da h1:oI5xCqsCo564l8iNU+DwB5epxmsaqB+rhGL0m5jtYqE=
github.com/golang/groupcache v0.0.0-20210331224755-41bb18bfe9da/go.mod h1:cIg4eruTrX1D+g88fzRXU5OdNfaM+9IcxsU14FzY7Hc=
github.com/golang/protobuf v1.5.0/go.mod h1:FsONVRAS9T7sI+LIUmWTfcYkHO4aIWwzhcaSAoJOfIk=
github.com/golang/protobuf v1.5.2/go.mod h1:XVQd3VNwM+JqD3oG2Ue2ip4fOMUkwXdXDdiuN0vRsmY=
github.com/golang/protobuf v1.5.4 h1:i7eJL8qZTpSEXOPTxNKhASYpMn+8e5Q6AdndVa1dWek=
github.com/golang/protobuf v1.5.4/go.mod h1:lnTiLA8Wa4RWRcIUkrtSVa5nRhsEGBg48fD6rSs7xps=
github.com/google/gnostic-models v0.6.9-0.20230804172637-c7be7c783f49 h1:0VpGH+cDhbDtdcweoyCVsF3fhN8kejK6rFe/2FFX2nU=
github.com/google/gnostic-models v0.6.9-0.20230804172637-c7be7c783f49/go.mod h1:BkkQ4L1KS1xMt2aWSPStnn55ChGC0DPOn2FQYj+f25M=
github.com/google/go-cmp v0.5.5/go.mod h1:v8dTdLbMG2kIc/vJvl+f65V22dbkXbowE6jgT/gNBxE=
github.com/google/go-cmp v0.5.9/go.mod h1:17dUlkBOakJ0+DkrSSNjCkIjxS6bF9zb3elmeNGIjoY=
github.com/google/go-cmp v0.6.0 h1:ofyhxvXcZhMsU5ulbFiLKl/XBFqE1GSq7atu8tAmTRI=
github.com/google/go-cmp v0.6.0/go.mod h1:17dUlkBOakJ0+DkrSSNjCkIjxS6bF9zb3elmeNGIjoY=
github.com/google/gofuzz v1.0.0/go.mod h1:dBl0BpW6vV/+mYPU4Po3pmUjxk6FQPldtuIdl/M65Eg=
github.com/google/gofuzz v1.2.0 h1:xRy4A+RhZaiKjJ1bPfwQ8sedCA+YS2YcCHW6ec7JMi0=
github.com/google/gofuzz v1.2.0/go.mod h1:dBl0BpW6vV/+mYPU4Po3pmUjxk6FQPldtuIdl/M65Eg=
github.com/google/pprof v0.0.0-20240424215950-a892ee059fd6 h1:k7nVchz72niMH6YLQNvHSdIE7iqsQxK1P41mySCvssg=
github.com/google/pprof v0.0.0-20240424215950-a892ee059fd6/go.mod h1:kf6iHlnVGwgKolg33glAes7Yg/8iWP8ukqeldJSO7jw=
github.com/google/uuid v1.6.0 h1:NIvaJDMOsjHA8n1jAhLSgzrAzy1Hgr+hNrb57e+94F0=
github.com/google/uuid v1.6.0/go.mod h1:TIyPZe4MgqvfeYDBFedMoGGpEw/LqOeaOT+nhxU+yHo=
github.com/gophercloud/gophercloud v1.12.0 h1:Jrz16vPAL93l80q16fp8NplrTCp93y7rZh2P3Q4Yq7g=
github.com/gophercloud/gophercloud v1.12.0/go.mod h1:aAVqcocTSXh2vYFZ1JTvx4EQmfgzxRcNupUfxZbBNDM=
github.com/imdario/mergo v0.3.16 h1:wwQJbIsHYGMUyLSPrEq1CT16AhnhNJQ51+4fdHUnCl4=
github.com/imdario/mergo v0.3.16/go.mod h1:WBLT9ZmE3lPoWsEzCh9LPo3TiwVN+ZKEjmz+hD27ysY=
github.com/josharian/intern v1.0.0 h1:vlS4z54oSdjm0bgjRigI+G1HpF+tI+9rE5LLzOg8HmY=
github.com/josharian/intern v1.0.0/go.mod h1:5DoeVV0s6jJacbCEi61lwdGj/aVlrQvzHFFd8Hwg//Y=
github.com/json-iterator/go v1.1.12 h1:PV8peI4a0ysnczrg+LtxykD8LfKY9ML6u2jnxaEnrnM=
github.com/json-iterator/go v1.1.12/go.mod h1:e30LSqwooZae/UwlEbR2852Gd8hjQvJoHmT4TnhNGBo=
github.com/kisielk/errcheck v1.5.0/go.mod h1:pFxgyoBC7bSaBwPgfKdkLd5X25qrDl4LWUI2bnpBCr8=
github.com/kisielk/gotool v1.0.0/go.mod h1:XhKaO+MFFWcvkIS/tQcRk01m1F5IRFswLeQ+oQHNcck=
github.com/kr/pretty v0.3.1 h1:flRD4NNwYAUpkphVc1HcthR4KEIFJ65n8Mw5qdRn3LE=
github.com/kr/text v0.2.0 h1:5Nx0Ya0ZqY2ygV366QzturHI13Jq95ApcVaJBhpS+AY=
github.com/leodido/go-urn v1.4.0 h1:WT9HwE9SGECu3lg4d/dIA+jxlljEa1/ffXKmRjqdmIQ=
github.com/leodido/go-urn v1.4.0/go.mod h1:bvxc+MVxLKB4z00jd1z+Dvzr47oO32F/QSNjSBOlFxI=
github.com/mailru/easyjson v0.7.7 h1:UGYAvKxe3sBsEDzO8ZeWOSlIQfWFlxbzLZe7hwFURr0=
github.com/mailru/easyjson v0.7.7/go.mod h1:xzfreul335JAWq5oZzymOObrkdz5UnU4kGfJJLY9Nlc=
github.com/metal3-io/baremetal-operator/apis v0.5.1 h1:l6VCuM2nSYMsdir3mocXvF80F7HnTXVZ7NNIoMEYbio=
github.com/metal3-io/baremetal-operator/apis v0.5.1/go.mod h1:Q3MHes59mRabjHM6ARoHfgd2uXUjJIytl3/uflzhyew=
github.com/metal3-io/baremetal-operator/pkg/hardwareutils v0.4.0 h1:AnA8XLLp3RKYjjlB4KI0fyPSDN/d5gb3ZtM2cVyxwOc=
github.com/metal3-io/baremetal-operator/pkg/hardwareutils v0.4.0/go.mod h1:399nvdaqoU9rTI25UdFw2EWcVjmJPpeZPIhfDAIx/XU=
github.com/modern-go/concurrent v0.0.0-20180228061459-e0a39a4cb421/go.mod h1:6dJC0mAP4ikYIbvyc7fijjWJddQyLn8Ig3JB5CqoB9Q=
github.com/modern-go/concurrent v0.0.0-20180306012644-bacd9c7ef1dd h1:TRLaZ9cD/w8PVh93nsPXa1VrQ6jlwL5oN8l14QlcNfg=
github.com/modern-go/concurrent v0.0.0-20180306012644-bacd9c7ef1dd/go.mod h1:6dJC0mAP4ikYIbvyc7fijjWJddQyLn8Ig3JB5CqoB9Q=
github.com/modern-go/reflect2 v1.0.2 h1:xBagoLtFs94CBntxluKeaWgTMpvLxC4ur3nMaC9Gz0M=
github.com/modern-go/reflect2 v1.0.2/go.mod h1:yWuevngMOJpCy52FWWMvUC8ws7m/LJsjYzDa0/r8luk=
github.com/munnerz/goautoneg v0.0.0-20191010083416-a7dc8b61c822 h1:C3w9PqII01/Oq1c1nUAm88MOHcQC9l5mIlSMApZMrHA=
github.com/munnerz/goautoneg v0.0.0-20191010083416-a7dc8b61c822/go.mod h1:+n7T8mK8HuQTcFwEeznm/DIxMOiR9yIdICNftLE1DvQ=
github.com/onsi/ginkgo/v2 v2.19.0 h1:9Cnnf7UHo57Hy3k6/m5k3dRfGTMXGvxhHFvkDTCTpvA=
github.com/onsi/ginkgo/v2 v2.19.0/go.mod h1:rlwLi9PilAFJ8jCg9UE1QP6VBpd6/xj3SRC0d6TU0To=
github.com/onsi/gomega v1.33.1 h1:dsYjIxxSR755MDmKVsaFQTE22ChNBcuuTWgkUDSubOk=
github.com/onsi/gomega v1.33.1/go.mod h1:U4R44UsT+9eLIaYRB2a5qajjtQYn0hauxvRm16AVYg0=
github.com/openshift/api v0.0.0-20230414143018-3367bc7e6ac7 h1:rncLxJBpFGqBztyxCMwNRnMjhhIDOWHJowi6q8G6koI=
github.com/openshift/api v0.0.0-20230414143018-3367bc7e6ac7/go.mod h1:ctXNyWanKEjGj8sss1KjjHQ3ENKFm33FFnS5BKaIPh4=
github.com/openstack-k8s-operators/barbican-operator/api v0.0.0-20240627184755-d07cdad0aaf7 h1:jXGlfQsT1K3xGrzqC5Au/vTrWDPaEItFCHROKBmPalE=
github.com/openstack-k8s-operators/barbican-operator/api v0.0.0-20240627184755-d07cdad0aaf7/go.mod h1:RPJGQ2HAmger6znRAZE75RKDG3su6xymY8uoR+oN8Gk=
github.com/openstack-k8s-operators/cinder-operator/api v0.3.1-0.20240701014200-8f627d558478 h1:fIgYX63roRHJU8Bo14BDIIsxZTO1ZFgKNAEtq6MX9oc=
github.com/openstack-k8s-operators/cinder-operator/api v0.3.1-0.20240701014200-8f627d558478/go.mod h1:L8eHbge+I5KD2Q9Txc2K/BZL7/dzeyS4StdtD/q2b4s=
github.com/openstack-k8s-operators/designate-operator/api v0.0.0-20240701062758-0f14f6a70826 h1:0akxwAMj1FweymRr9JWW4W73W6iIiuS+DDTlbytCCKQ=
github.com/openstack-k8s-operators/designate-operator/api v0.0.0-20240701062758-0f14f6a70826/go.mod h1:u3xjwfnm9wypnWfETYk25NzYBRSgbcDqJYs+9q1LqVc=
github.com/openstack-k8s-operators/glance-operator/api v0.3.1-0.20240701051632-3abd41eefa7f h1:0hBQA3x7JyLdpTtUJnvyK+1WagGX0XFz3VbHl2+CQg8=
github.com/openstack-k8s-operators/glance-operator/api v0.3.1-0.20240701051632-3abd41eefa7f/go.mod h1:lLXk3HZppx8Mxes+XEZGvvHHfcu2CzVOBB+IuwSqnFY=
github.com/openstack-k8s-operators/heat-operator/api v0.3.1-0.20240627060823-69878ea34ffe h1:4G/AtWoNUq7uXTv/FTziOinbFp6jhMncabGGtkfGqQA=
github.com/openstack-k8s-operators/heat-operator/api v0.3.1-0.20240627060823-69878ea34ffe/go.mod h1:8zWNxGR7ROtaBkeWLD6C5NwxeNoXh4/1bQLiZRxuIQo=
github.com/openstack-k8s-operators/horizon-operator/api v0.3.1-0.20240701051346-1a6efac38ad5 h1:4hBXQs84Imo+dWYxX52JNm/ZBrlROcz0Lt8wfu3SJwA=
github.com/openstack-k8s-operators/horizon-operator/api v0.3.1-0.20240701051346-1a6efac38ad5/go.mod h1:WSpTrx0ry9ziJqILYYQD56m/uyMD7oh9Yr/PkGoDOR8=
github.com/openstack-k8s-operators/infra-operator/apis v0.3.1-0.20240701051058-e23cdfd81161 h1:rY42T/nqfglW10/i7QHNTTQY2KVoRJA9IYG2qYkJhSg=
github.com/openstack-k8s-operators/infra-operator/apis v0.3.1-0.20240701051058-e23cdfd81161/go.mod h1:gdc2zBX7iz+6vWjD2dhi+rtEmTulb91aybjU6bJyFVQ=
github.com/openstack-k8s-operators/ironic-operator/api v0.3.1-0.20240630211522-e073adc7d7f1 h1:Ov40i4GvA/7PdafB8tUUBBSxymHEKfRtWMatHHFln3w=
github.com/openstack-k8s-operators/ironic-operator/api v0.3.1-0.20240630211522-e073adc7d7f1/go.mod h1:t9jIbObwq9/kswhmUcdZBUH+L9xLtm0+5flPcPSBH8M=
github.com/openstack-k8s-operators/keystone-operator/api v0.3.1-0.20240625151513-04190feb4597 h1:g4n8gRuY+F4eA3sj0ojiTZNd6lYb9o+TvhYvtTPCUfU=
github.com/openstack-k8s-operators/keystone-operator/api v0.3.1-0.20240625151513-04190feb4597/go.mod h1:yfqcne2cL6A3JktjPmU4Jnnkd3Od4pLRG0TwmK6Oip0=
github.com/openstack-k8s-operators/lib-common/modules/common v0.3.1-0.20240624132705-6c8da3c0bbfd h1:ZlZW1W+IEDNN5Vz5HG3iyQWn5kk3omno4i6J3snwy3w=
github.com/openstack-k8s-operators/lib-common/modules/common v0.3.1-0.20240624132705-6c8da3c0bbfd/go.mod h1:k9KuWN2LBtLbKHgcyh/0lrwk3Kr0cOAhiR3hi/mrwOQ=
github.com/openstack-k8s-operators/lib-common/modules/openstack v0.3.1-0.20240624132705-6c8da3c0bbfd h1:solheCgtkDXK3AKTwZYmwoeQqXiwjB8K6T/YuxDjNDc=
github.com/openstack-k8s-operators/lib-common/modules/openstack v0.3.1-0.20240624132705-6c8da3c0bbfd/go.mod h1:zuPcZ5Kopr15AdfxvA0xqKIIGCZ0XbSe/0VHNKuvbEE=
github.com/openstack-k8s-operators/lib-common/modules/storage v0.3.1-0.20240624132705-6c8da3c0bbfd h1:MY3MDe11c9R/kp0ALVeaWHIdRpbQh9Xs3ym/Z/KBBlU=
github.com/openstack-k8s-operators/lib-common/modules/storage v0.3.1-0.20240624132705-6c8da3c0bbfd/go.mod h1:v9iFrR8J5fZACS9W5pZau/4lwyWs/YmO4ezpDeoEFKU=
github.com/openstack-k8s-operators/manila-operator/api v0.3.1-0.20240630212043-88fed7663cfc h1:ZLXe+r977WMOQLW83kvhm5su7XryMkeTnL8U/2M6aPA=
github.com/openstack-k8s-operators/manila-operator/api v0.3.1-0.20240630212043-88fed7663cfc/go.mod h1:uEzTpk3Iu1tsTZDf9nTDnoNzi76D8y9rrqSnSa42yKk=
github.com/openstack-k8s-operators/mariadb-operator/api v0.3.1-0.20240626205513-5c175a95f408 h1:2ObE4V/UvnhuAQYl/nU78vOJCFesKSiSmluk5SwNg0M=
github.com/openstack-k8s-operators/mariadb-operator/api v0.3.1-0.20240626205513-5c175a95f408/go.mod h1:FzdNGhUR1dH8E7INAg9sRJXpspug5OMDqqByI1/SEIY=
github.com/openstack-k8s-operators/neutron-operator/api v0.3.1-0.20240701051630-fa8672d3d88f h1:yHFw0c+tdBkgDM56gkagiPuI4p3oR0I4pf5hDG8KqX8=
github.com/openstack-k8s-operators/neutron-operator/api v0.3.1-0.20240701051630-fa8672d3d88f/go.mod h1:nuCE8A97wz8DpAEHtmvi5raiaNFEl0HupsrE1PZGtbU=
github.com/openstack-k8s-operators/nova-operator/api v0.3.1-0.20240628152138-9ea2124e10e9 h1:FcqztyV5J1w1DZBoXRSd6RUjmrYnmeVCynWNgZqPEG0=
github.com/openstack-k8s-operators/nova-operator/api v0.3.1-0.20240628152138-9ea2124e10e9/go.mod h1:cuHgjVG/JFNno+0+uWX3CuxQ//8mSV+N+uIfDoKmxMY=
github.com/openstack-k8s-operators/octavia-operator/api v0.3.1-0.20240701051631-abaeee67c64a h1:XVN0u7fRaeksNCf5G+QNEpoZptr9YjM2kdBVDR8Or/w=
github.com/openstack-k8s-operators/octavia-operator/api v0.3.1-0.20240701051631-abaeee67c64a/go.mod h1:aNQk9UWGsNEeOEkUiv0Lwc9pBTBohk2P9rUj5FMyYRc=
github.com/openstack-k8s-operators/openstack-baremetal-operator/api v0.3.1-0.20240701051059-9faa34b40a2d h1:CT3ROPkfPNrIXSH7/x+X9xwMf5e6Cl5AOBJoO6qIw/k=
github.com/openstack-k8s-operators/openstack-baremetal-operator/api v0.3.1-0.20240701051059-9faa34b40a2d/go.mod h1:w5/3kHvRabtz4VPPnLr4kQIefrrGhLYLZv8bd2UtEB8=
github.com/openstack-k8s-operators/ovn-operator/api v0.3.1-0.20240701062514-c0c1319f326c h1:RfqHOcUik3W+LgEPr4sd3Xm+Dj1Pwo4FTsx8QTjUPnY=
github.com/openstack-k8s-operators/ovn-operator/api v0.3.1-0.20240701062514-c0c1319f326c/go.mod h1:zBbon2z+2+G1/Gwwe+TRn8g+3qhNjDKDGZEg+yC26Us=
github.com/openstack-k8s-operators/placement-operator/api v0.3.1-0.20240701051631-94a9077bc405 h1:GDTHcNvXCzZhWnXWroEduU/bSxIMfuL0e/UuFQNQAQc=
github.com/openstack-k8s-operators/placement-operator/api v0.3.1-0.20240701051631-94a9077bc405/go.mod h1:Z5kHBkdZRgIyl31WkrQOwV3qvMbsVHsoDjoBHragHVY=
github.com/openstack-k8s-operators/rabbitmq-cluster-operator/v2 v2.6.1-0.20240626194327-e7df1b654cb7 h1:PcirbCDZzVx75torXit86b7fph8+HKkO0qtOkyn/+C8=
github.com/openstack-k8s-operators/rabbitmq-cluster-operator/v2 v2.6.1-0.20240626194327-e7df1b654cb7/go.mod h1:Zryxg5YgbPUFcLSCcKpf10il8kIRAK5HloNo6khhdis=
github.com/openstack-k8s-operators/swift-operator/api v0.3.1-0.20240626092239-217758b5607a h1:An7bynoJe3W0TTsKPCqYP7ReB2DTXR3YL6xPGAN39VM=
github.com/openstack-k8s-operators/swift-operator/api v0.3.1-0.20240626092239-217758b5607a/go.mod h1:eWOFnP5gH4MkkutmkbcVmyjhJDLbWgf4Dn66IUh8+2k=
github.com/openstack-k8s-operators/telemetry-operator/api v0.3.1-0.20240625131637-2f8d146fa1d6 h1:ErpFmbG8CAuAIq8FNW1z9evDIVkPK9PN7gbTQ51S7+U=
github.com/openstack-k8s-operators/telemetry-operator/api v0.3.1-0.20240625131637-2f8d146fa1d6/go.mod h1:WOQBbEKWeT6U9hQKPGWpGdnGTQS/lSFCXVCGwMiynKQ=
github.com/pkg/errors v0.9.1 h1:FEBLx1zS214owpjy7qsBeixbURkuhQAwrK5UwLGTwt4=
github.com/pkg/errors v0.9.1/go.mod h1:bwawxfHBFNV+L2hUp1rHADufV3IMtnDRdf1r5NINEl0=
github.com/pmezard/go-difflib v1.0.0/go.mod h1:iKH77koFhYxTK1pcRnkKkqfTogsbg7gZNVY4sRDYZ/4=
github.com/pmezard/go-difflib v1.0.1-0.20181226105442-5d4384ee4fb2 h1:Jamvg5psRIccs7FGNTlIRMkT8wgtp5eCXdBlqhYGL6U=
github.com/prometheus/client_golang v1.18.0 h1:HzFfmkOzH5Q8L8G+kSJKUx5dtG87sewO+FoDDqP5Tbk=
github.com/prometheus/client_golang v1.18.0/go.mod h1:T+GXkCk5wSJyOqMIzVgvvjFDlkOQntgjkJWKrN5txjA=
github.com/prometheus/client_model v0.5.0 h1:VQw1hfvPvk3Uv6Qf29VrPF32JB6rtbgI6cYPYQjL0Qw=
github.com/prometheus/client_model v0.5.0/go.mod h1:dTiFglRmd66nLR9Pv9f0mZi7B7fk5Pm3gvsjB5tr+kI=
github.com/prometheus/common v0.46.0 h1:doXzt5ybi1HBKpsZOL0sSkaNHJJqkyfEWZGGqqScV0Y=
github.com/prometheus/common v0.46.0/go.mod h1:Tp0qkxpb9Jsg54QMe+EAmqXkSV7Evdy1BTn+g2pa/hQ=
github.com/prometheus/procfs v0.12.0 h1:jluTpSng7V9hY0O2R9DzzJHYb2xULk9VTR1V1R/k6Bo=
github.com/prometheus/procfs v0.12.0/go.mod h1:pcuDEFsWDnvcgNzo4EEweacyhjeA9Zk3cnaOZAZEfOo=
github.com/rhobs/obo-prometheus-operator/pkg/apis/monitoring v0.69.0-rhobs1 h1:d6UamuHl8GaEXcQqM7VO8jMnnhzHmTA0f6h4dQTQsGk=
github.com/rhobs/obo-prometheus-operator/pkg/apis/monitoring v0.69.0-rhobs1/go.mod h1:SDL0R6499oleOOVL5ovIxHpyLOh2sR2g0rvBuuqHyQM=
github.com/rhobs/observability-operator v0.0.28 h1:FFMBkmI1LWJVWyJKJqelYbV5iUc4u/wJClqowRJZRoU=
github.com/rhobs/observability-operator v0.0.28/go.mod h1:LbxNGGlKlcD7NBt0axiTeRRjnE0m///DoyeVKeaStg4=
github.com/robfig/cron/v3 v3.0.1 h1:WdRxkvbJztn8LMz/QEvLN5sBU+xKpSqwwUO1Pjr4qDs=
github.com/robfig/cron/v3 v3.0.1/go.mod h1:eQICP3HwyT7UooqI/z+Ov+PtYAWygg1TEWWzGIFLtro=
github.com/rogpeppe/go-internal v1.12.0 h1:exVL4IDcn6na9z1rAb56Vxr+CgyK3nn3O+epU5NdKM8=
github.com/spf13/pflag v1.0.5 h1:iy+VFUOCP1a+8yFto/drg2CJ5u0yRoB7fZw3DKv/JXA=
github.com/spf13/pflag v1.0.5/go.mod h1:McXfInJRrz4CZXVZOBLb0bTZqETkiAhM9Iw0y3An2Bg=
github.com/stretchr/objx v0.1.0/go.mod h1:HFkY916IF+rwdDfMAkV7OtwuqBVzrE8GR6GFx+wExME=
github.com/stretchr/testify v1.3.0/go.mod h1:M5WIy9Dh21IEIfnGCwXGc5bZfKNJtfHm1UVUgZn+9EI=
github.com/stretchr/testify v1.8.4 h1:CcVxjf3Q8PM0mHUKJCdn+eZZtm5yQwehR5yeSVQQcUk=
github.com/yuin/goldmark v1.1.27/go.mod h1:3hX8gzYuyVAZsxl0MRgGTJEmQBFcNTphYh9decYSb74=
github.com/yuin/goldmark v1.2.1/go.mod h1:3hX8gzYuyVAZsxl0MRgGTJEmQBFcNTphYh9decYSb74=
github.com/yuin/goldmark v1.4.13/go.mod h1:6yULJ656Px+3vBD8DxQVa3kxgyrAnzto9xy5taEt/CY=
go.uber.org/goleak v1.3.0 h1:2K3zAYmnTNqV73imy9J1T3WC+gmCePx2hEGkimedGto=
go.uber.org/multierr v1.11.0 h1:blXXJkSxSSfBVBlC76pxqeO+LN3aDfLQo+309xJstO0=
go.uber.org/multierr v1.11.0/go.mod h1:20+QtiLqy0Nd6FdQB9TLXag12DsQkrbs3htMFfDN80Y=
go.uber.org/zap v1.27.0 h1:aJMhYGrd5QSmlpLMr2MftRKl7t8J8PTZPA732ud/XR8=
go.uber.org/zap v1.27.0/go.mod h1:GB2qFLM7cTU87MWRP2mPIjqfIDnGu+VIO4V/SdhGo2E=
golang.org/x/crypto v0.0.0-20190308221718-c2843e01d9a2/go.mod h1:djNgcEr1/C05ACkg1iLfiJU5Ep61QUkGW8qpdssI0+w=
golang.org/x/crypto v0.0.0-20191011191535-87dc89f01550/go.mod h1:yigFU9vqHzYiE8UmvKecakEJjdnWj3jj499lnFckfCI=
golang.org/x/crypto v0.0.0-20200622213623-75b288015ac9/go.mod h1:LzIPMQfyMNhhGPhUkYOs5KpL4U8rLKemX1yGLhDgUto=
golang.org/x/crypto v0.0.0-20210921155107-089bfa567519/go.mod h1:GvvjBRRGRdwPK5ydBHafDWAxML/pGHZbMvKqRZ5+Abc=
golang.org/x/crypto v0.0.0-20220829220503-c86fa9a7ed90/go.mod h1:IxCIyHEi3zRg3s0A5j5BB6A9Jmi73HwBIUl50j+osU4=
golang.org/x/crypto v0.23.0 h1:dIJU/v2J8Mdglj/8rJ6UUOM3Zc9zLZxVZwwxMooUSAI=
golang.org/x/crypto v0.23.0/go.mod h1:CKFgDieR+mRhux2Lsu27y0fO304Db0wZe70UKqHu0v8=
golang.org/x/exp v0.0.0-20240409090435-93d18d7e34b8 h1:ESSUROHIBHg7USnszlcdmjBEwdMj9VUvU+OPk4yl2mc=
golang.org/x/exp v0.0.0-20240409090435-93d18d7e34b8/go.mod h1:/lliqkxwWAhPjf5oSOIJup2XcqJaw8RGS6k3TGEc7GI=
golang.org/x/mod v0.2.0/go.mod h1:s0Qsj1ACt9ePp/hMypM3fl4fZqREWJwdYDEqhRiZZUA=
golang.org/x/mod v0.3.0/go.mod h1:s0Qsj1ACt9ePp/hMypM3fl4fZqREWJwdYDEqhRiZZUA=
golang.org/x/mod v0.6.0-dev.0.20220419223038-86c51ed26bb4/go.mod h1:jJ57K6gSWd91VN4djpZkiMVwK6gcyfeH4XE8wZrZaV4=
golang.org/x/net v0.0.0-20190404232315-eb5bcb51f2a3/go.mod h1:t9HGtf8HONx5eT2rtn7q6eTqICYqUVnKs3thJo3Qplg=
golang.org/x/net v0.0.0-20190620200207-3b0461eec859/go.mod h1:z5CRVTTTmAJ677TzLLGU+0bjPO0LkuOLi4/5GtJWs/s=
golang.org/x/net v0.0.0-20200226121028-0de0cce0169b/go.mod h1:z5CRVTTTmAJ677TzLLGU+0bjPO0LkuOLi4/5GtJWs/s=
golang.org/x/net v0.0.0-20201021035429-f5854403a974/go.mod h1:sp8m0HH+o8qH0wwXwYZr8TS3Oi6o0r6Gce1SSxlDquU=
golang.org/x/net v0.0.0-20210226172049-e18ecbb05110/go.mod h1:m0MpNAwzfU5UDzcl9v0D8zg8gWTRqZa9RBIspLL5mdg=
golang.org/x/net v0.0.0-20211112202133-69e39bad7dc2/go.mod h1:9nx3DQGgdP8bBQD5qxJ1jj9UTztislL4KSBs9R2vV5Y=
golang.org/x/net v0.0.0-20220722155237-a158d28d115b/go.mod h1:XRhObCWvk6IyKnWLug+ECip1KBveYUHfp+8e9klMJ9c=
golang.org/x/net v0.25.0 h1:d/OCCoBEUq33pjydKrGQhw7IlUPI2Oylr+8qLx49kac=
golang.org/x/net v0.25.0/go.mod h1:JkAGAh7GEvH74S6FOH42FLoXpXbE/aqXSrIQjXgsiwM=
golang.org/x/oauth2 v0.16.0 h1:aDkGMBSYxElaoP81NpoUoz2oo2R2wHdZpGToUxfyQrQ=
golang.org/x/oauth2 v0.16.0/go.mod h1:hqZ+0LWXsiVoZpeld6jVt06P3adbS2Uu911W1SsJv2o=
golang.org/x/sync v0.0.0-20190423024810-112230192c58/go.mod h1:RxMgew5VJxzue5/jJTE5uejpjVlOe/izrB70Jof72aM=
golang.org/x/sync v0.0.0-20190911185100-cd5d95a43a6e/go.mod h1:RxMgew5VJxzue5/jJTE5uejpjVlOe/izrB70Jof72aM=
golang.org/x/sync v0.0.0-20201020160332-67f06af15bc9/go.mod h1:RxMgew5VJxzue5/jJTE5uejpjVlOe/izrB70Jof72aM=
golang.org/x/sync v0.0.0-20220722155255-886fb9371eb4/go.mod h1:RxMgew5VJxzue5/jJTE5uejpjVlOe/izrB70Jof72aM=
golang.org/x/sys v0.0.0-20190215142949-d0b11bdaac8a/go.mod h1:STP8DvDyc/dI5b8T5hshtkjS+E42TnysNCUPdjciGhY=
golang.org/x/sys v0.0.0-20190412213103-97732733099d/go.mod h1:h1NjWce9XRLGQEsW7wpKNCjG9DtNlClVuFLEZdDNbEs=
golang.org/x/sys v0.0.0-20200930185726-fdedc70b468f/go.mod h1:h1NjWce9XRLGQEsW7wpKNCjG9DtNlClVuFLEZdDNbEs=
golang.org/x/sys v0.0.0-20201119102817-f84b799fce68/go.mod h1:h1NjWce9XRLGQEsW7wpKNCjG9DtNlClVuFLEZdDNbEs=
golang.org/x/sys v0.0.0-20210423082822-04245dca01da/go.mod h1:h1NjWce9XRLGQEsW7wpKNCjG9DtNlClVuFLEZdDNbEs=
golang.org/x/sys v0.0.0-20210615035016-665e8c7367d1/go.mod h1:oPkhp1MJrh7nUepCBck5+mAzfO9JrbApNNgaTdGDITg=
golang.org/x/sys v0.0.0-20220520151302-bc2c85ada10a/go.mod h1:oPkhp1MJrh7nUepCBck5+mAzfO9JrbApNNgaTdGDITg=
golang.org/x/sys v0.0.0-20220722155257-8c9f86f7a55f/go.mod h1:oPkhp1MJrh7nUepCBck5+mAzfO9JrbApNNgaTdGDITg=
golang.org/x/sys v0.20.0 h1:Od9JTbYCk261bKm4M/mw7AklTlFYIa0bIp9BgSm1S8Y=
golang.org/x/sys v0.20.0/go.mod h1:/VUhepiaJMQUp4+oa/7Zr1D23ma6VTLIYjOOTFZPUcA=
golang.org/x/term v0.0.0-20201126162022-7de9c90e9dd1/go.mod h1:bj7SfCRtBDWHUb9snDiAeCFNEtKQo2Wmx5Cou7ajbmo=
golang.org/x/term v0.0.0-20210927222741-03fcf44c2211/go.mod h1:jbD1KX2456YbFQfuXm/mYQcufACuNUgVhRMnK/tPxf8=
golang.org/x/term v0.20.0 h1:VnkxpohqXaOBYJtBmEppKUG6mXpi+4O6purfc2+sMhw=
golang.org/x/term v0.20.0/go.mod h1:8UkIAJTvZgivsXaD6/pH6U9ecQzZ45awqEOzuCvwpFY=
golang.org/x/text v0.3.0/go.mod h1:NqM8EUOU14njkJ3fqMW+pc6Ldnwhi/IjpwHt7yyuwOQ=
golang.org/x/text v0.3.3/go.mod h1:5Zoc/QRtKVWzQhOtBMvqHzDpF6irO9z98xDceosuGiQ=
golang.org/x/text v0.3.6/go.mod h1:5Zoc/QRtKVWzQhOtBMvqHzDpF6irO9z98xDceosuGiQ=
golang.org/x/text v0.3.7/go.mod h1:u+2+/6zg+i71rQMx5EYifcz6MCKuco9NR6JIITiCfzQ=
golang.org/x/text v0.3.8/go.mod h1:E6s5w1FMmriuDzIBO73fBruAKo1PCIq6d2Q6DHfQ8WQ=
golang.org/x/text v0.15.0 h1:h1V/4gjBv8v9cjcR6+AR5+/cIYK5N/WAgiv4xlsEtAk=
golang.org/x/text v0.15.0/go.mod h1:18ZOQIKpY8NJVqYksKHtTdi31H5itFRjB5/qKTNYzSU=
golang.org/x/time v0.5.0 h1:o7cqy6amK/52YcAKIPlM3a+Fpj35zvRj2TP+e1xFSfk=
golang.org/x/time v0.5.0/go.mod h1:3BpzKBy/shNhVucY/MWOyx10tF3SFh9QdLuxbVysPQM=
golang.org/x/tools v0.0.0-20180917221912-90fa682c2a6e/go.mod h1:n7NCudcB/nEzxVGmLbDWY5pfWTLqBcC2KZ6jyYvM4mQ=
golang.org/x/tools v0.0.0-20191119224855-298f0cb1881e/go.mod h1:b+2E5dAYhXwXZwtnZ6UAqBI28+e2cm9otk0dWdXHAEo=
golang.org/x/tools v0.0.0-20200619180055-7c47624df98f/go.mod h1:EkVYQZoAsY45+roYkvgYkIh4xh/qjgUK9TdY2XT94GE=
golang.org/x/tools v0.0.0-20210106214847-113979e3529a/go.mod h1:emZCQorbCU4vsT4fOWvOPXz4eW1wZW4PmDk9uLelYpA=
golang.org/x/tools v0.1.12/go.mod h1:hNGJHUnrk76NpqgfD5Aqm5Crs+Hm0VOH/i9J2+nxYbc=
golang.org/x/tools v0.21.0 h1:qc0xYgIbsSDt9EyWz05J5wfa7LOVW0YTLOXrqdLAWIw=
golang.org/x/tools v0.21.0/go.mod h1:aiJjzUbINMkxbQROHiO6hDPo2LHcIPhhQsa9DLh0yGk=
golang.org/x/xerrors v0.0.0-20190717185122-a985d3407aa7/go.mod h1:I/5z698sn9Ka8TeJc9MKroUUfqBBauWjQqLJ2OPfmY0=
golang.org/x/xerrors v0.0.0-20191011141410-1b5146add898/go.mod h1:I/5z698sn9Ka8TeJc9MKroUUfqBBauWjQqLJ2OPfmY0=
golang.org/x/xerrors v0.0.0-20191204190536-9bdfabe68543/go.mod h1:I/5z698sn9Ka8TeJc9MKroUUfqBBauWjQqLJ2OPfmY0=
golang.org/x/xerrors v0.0.0-20200804184101-5ec99f83aff1/go.mod h1:I/5z698sn9Ka8TeJc9MKroUUfqBBauWjQqLJ2OPfmY0=
gomodules.xyz/jsonpatch/v2 v2.4.0 h1:Ci3iUJyx9UeRx7CeFN8ARgGbkESwJK+KB9lLcWxY/Zw=
gomodules.xyz/jsonpatch/v2 v2.4.0/go.mod h1:AH3dM2RI6uoBZxn3LVrfvJ3E0/9dG4cSrbuBJT4moAY=
google.golang.org/appengine v1.6.8 h1:IhEN5q69dyKagZPYMSdIjS2HqprW324FRQZJcGqPAsM=
google.golang.org/appengine v1.6.8/go.mod h1:1jJ3jBArFh5pcgW8gCtRJnepW8FzD1V44FJffLiz/Ds=
google.golang.org/protobuf v1.26.0-rc.1/go.mod h1:jlhhOSvTdKEhbULTjvd4ARK9grFBp09yW+WbY/TyQbw=
google.golang.org/protobuf v1.26.0/go.mod h1:9q0QmTI4eRPtz6boOQmLYwt+qCgq0jsYwAQnmE0givc=
google.golang.org/protobuf v1.33.0 h1:uNO2rsAINq/JlFpSdYEKIZ0uKD/R9cpdv0T+yoGwGmI=
google.golang.org/protobuf v1.33.0/go.mod h1:c6P6GXX6sHbq/GpV6MGZEdwhWPcYBgnhAHhKbcUYpos=
gopkg.in/check.v1 v0.0.0-20161208181325-20d25e280405/go.mod h1:Co6ibVJAznAaIkqp8huTwlJQCZ016jof/cbN4VW5Yz0=
gopkg.in/check.v1 v1.0.0-20201130134442-10cb98267c6c h1:Hei/4ADfdWqJk1ZMxUNpqntNwaWcugrBjAiHlqqRiVk=
gopkg.in/inf.v0 v0.9.1 h1:73M5CoZyi3ZLMOyDlQh031Cx6N9NDJ2Vvfl76EDAgDc=
gopkg.in/inf.v0 v0.9.1/go.mod h1:cWUDdTG/fYaXco+Dcufb5Vnc6Gp2YChqWtbxRZE0mXw=
gopkg.in/yaml.v2 v2.2.8/go.mod h1:hI93XBmqTisBFMUTm0b8Fm+jr3Dg1NNxqwp+5A1VGuI=
gopkg.in/yaml.v2 v2.4.0 h1:D8xgwECY7CYvx+Y2n4sBz93Jn9JRvxdiyyo8CTfuKaY=
gopkg.in/yaml.v2 v2.4.0/go.mod h1:RDklbk79AGWmwhnvt/jBztapEOGDOx6ZbXqjP6csGnQ=
gopkg.in/yaml.v3 v3.0.1 h1:fxVm/GzAzEWqLHuvctI91KS9hhNmmWOoWu0XTYJS7CA=
gopkg.in/yaml.v3 v3.0.1/go.mod h1:K4uyk7z7BCEPqu6E+C64Yfv1cQ7kz7rIZviUmN+EgEM=
k8s.io/api v0.28.11 h1:2qFr3jSpjy/9QirmlRP0LZeomexuwyRlE8CWUn9hPNY=
k8s.io/api v0.28.11/go.mod h1:nQSGyxQ2sbS73i1zEJyaktFvFfD72z/7nU+LqxzNnXk=
k8s.io/apiextensions-apiserver v0.28.11 h1:EbHGxLgPVupsobUhwY9kLYES0yRLn65fV/aAuW52+xo=
k8s.io/apiextensions-apiserver v0.28.11/go.mod h1:eKJx8UVKgeaqFZWdU39Q8bNOnv21aFK55+riFdUhAJg=
k8s.io/apimachinery v0.28.11 h1:Ovrx7IOkKSgFJn8+d5BXOC7POzP4i7kOAVlx46iRQ04=
k8s.io/apimachinery v0.28.11/go.mod h1:zUG757HaKs6Dc3iGtKjzIpBfqTM4yiRsEe3/E7NX15o=
k8s.io/client-go v0.28.11 h1:YHtF6Bg4/DdYHHsx6f5Ti/0giwoo19t3DbBYYmo9xks=
k8s.io/client-go v0.28.11/go.mod h1:yi2BW8PQhFDLGmZ3WbyTJYX5J8YM6n3WUj1fvL7pJ4g=
k8s.io/component-base v0.28.11 h1:/CyCF+Mgb737LnvJ0pHxZHKnK/OPiXtxGBr9fcE82K4=
k8s.io/component-base v0.28.11/go.mod h1:GDfDeCmn5CKKfdqvSxFJEcyoiBYzujP2bMj1rU919Dc=
k8s.io/klog/v2 v2.120.1 h1:QXU6cPEOIslTGvZaXvFWiP9VKyeet3sawzTOvdXb4Vw=
k8s.io/klog/v2 v2.120.1/go.mod h1:3Jpz1GvMt720eyJH1ckRHK1EDfpxISzJ7I9OYgaDtPE=
k8s.io/kube-openapi v0.0.0-20240228011516-70dd3763d340 h1:BZqlfIlq5YbRMFko6/PM7FjZpUb45WallggurYhKGag=
k8s.io/kube-openapi v0.0.0-20240228011516-70dd3763d340/go.mod h1:yD4MZYeKMBwQKVht279WycxKyM84kkAx2DPrTXaeb98=
k8s.io/utils v0.0.0-20240502163921-fe8a2dddb1d0 h1:jgGTlFYnhF1PM1Ax/lAlxUPE+KfCIXHaathvJg1C3ak=
k8s.io/utils v0.0.0-20240502163921-fe8a2dddb1d0/go.mod h1:OLgZIPagt7ERELqWJFomSt595RzquPNLL48iOWgYOg0=
sigs.k8s.io/controller-runtime v0.16.6 h1:FiXwTuFF5ZJKmozfP2Z0j7dh6kmxP4Ou1KLfxgKKC3I=
sigs.k8s.io/controller-runtime v0.16.6/go.mod h1:+dQzkZxnylD0u49e0a+7AR+vlibEBaThmPca7lTyUsI=
sigs.k8s.io/gateway-api v0.8.0 h1:isQQ3Jx2qFP7vaA3ls0846F0Amp9Eq14P08xbSwVbQg=
sigs.k8s.io/gateway-api v0.8.0/go.mod h1:okOnjPNBFbIS/Rw9kAhuIUaIkLhTKEu+ARIuXk2dgaM=
sigs.k8s.io/json v0.0.0-20221116044647-bc3834ca7abd h1:EDPBXCAspyGV4jQlpZSudPeMmr1bNJefnuqLsRAsHZo=
sigs.k8s.io/json v0.0.0-20221116044647-bc3834ca7abd/go.mod h1:B8JuhiUyNFVKdsE8h686QcCxMaH6HrOAZj4vswFpcB0=
sigs.k8s.io/structured-merge-diff/v4 v4.4.1 h1:150L+0vs/8DA78h1u02ooW1/fFq/Lwr+sGiqlzvrtq4=
sigs.k8s.io/structured-merge-diff/v4 v4.4.1/go.mod h1:N8hJocpFajUSSeSJ9bOZ77VzejKZaXsTtZo4/u7Io08=
sigs.k8s.io/yaml v1.4.0 h1:Mk1wCc2gy/F0THH0TAp1QYyJNzRm2KCLy3o5ASXVI5E=
sigs.k8s.io/yaml v1.4.0/go.mod h1:Ejl7/uTz7PSA4eKMyQCUTnhZYNmLIl+5c2lQPGR2BPY=
